// !$*UTF8*$!
{
	archiveVersion = 1;
	classes = {
	};
	objectVersion = 46;
	objects = {

/* Begin PBXBuildFile section */
		203F267D1751955A0030E654 /* luagl.c in Sources */ = {isa = PBXBuildFile; fileRef = 203F267C175195590030E654 /* luagl.c */; };
		20DC456B172EDFEE003B109E /* bit.c in Sources */ = {isa = PBXBuildFile; fileRef = 20DC452E172EDFEE003B109E /* bit.c */; };
		20DC456C172EDFEE003B109E /* lapi.c in Sources */ = {isa = PBXBuildFile; fileRef = 20DC4530172EDFEE003B109E /* lapi.c */; };
		20DC456D172EDFEE003B109E /* lapi.h in Headers */ = {isa = PBXBuildFile; fileRef = 20DC4531172EDFEE003B109E /* lapi.h */; };
		20DC456E172EDFEE003B109E /* lauxlib.c in Sources */ = {isa = PBXBuildFile; fileRef = 20DC4532172EDFEE003B109E /* lauxlib.c */; };
		20DC456F172EDFEE003B109E /* lauxlib.h in Headers */ = {isa = PBXBuildFile; fileRef = 20DC4533172EDFEE003B109E /* lauxlib.h */; };
		20DC4570172EDFEE003B109E /* lbaselib.c in Sources */ = {isa = PBXBuildFile; fileRef = 20DC4534172EDFEE003B109E /* lbaselib.c */; };
		20DC4571172EDFEE003B109E /* lcode.c in Sources */ = {isa = PBXBuildFile; fileRef = 20DC4535172EDFEE003B109E /* lcode.c */; };
		20DC4572172EDFEE003B109E /* lcode.h in Headers */ = {isa = PBXBuildFile; fileRef = 20DC4536172EDFEE003B109E /* lcode.h */; };
		20DC4573172EDFEE003B109E /* ldblib.c in Sources */ = {isa = PBXBuildFile; fileRef = 20DC4537172EDFEE003B109E /* ldblib.c */; };
		20DC4574172EDFEE003B109E /* ldebug.c in Sources */ = {isa = PBXBuildFile; fileRef = 20DC4538172EDFEE003B109E /* ldebug.c */; };
		20DC4575172EDFEE003B109E /* ldebug.h in Headers */ = {isa = PBXBuildFile; fileRef = 20DC4539172EDFEE003B109E /* ldebug.h */; };
		20DC4576172EDFEE003B109E /* ldo.c in Sources */ = {isa = PBXBuildFile; fileRef = 20DC453A172EDFEE003B109E /* ldo.c */; };
		20DC4577172EDFEE003B109E /* ldo.h in Headers */ = {isa = PBXBuildFile; fileRef = 20DC453B172EDFEE003B109E /* ldo.h */; };
		20DC4578172EDFEE003B109E /* ldump.c in Sources */ = {isa = PBXBuildFile; fileRef = 20DC453C172EDFEE003B109E /* ldump.c */; };
		20DC4579172EDFEE003B109E /* lfunc.c in Sources */ = {isa = PBXBuildFile; fileRef = 20DC453D172EDFEE003B109E /* lfunc.c */; };
		20DC457A172EDFEE003B109E /* lfunc.h in Headers */ = {isa = PBXBuildFile; fileRef = 20DC453E172EDFEE003B109E /* lfunc.h */; };
		20DC457B172EDFEE003B109E /* lgc.c in Sources */ = {isa = PBXBuildFile; fileRef = 20DC453F172EDFEE003B109E /* lgc.c */; };
		20DC457C172EDFEE003B109E /* lgc.h in Headers */ = {isa = PBXBuildFile; fileRef = 20DC4540172EDFEE003B109E /* lgc.h */; };
		20DC457D172EDFEE003B109E /* linit.c in Sources */ = {isa = PBXBuildFile; fileRef = 20DC4541172EDFEE003B109E /* linit.c */; };
		20DC457E172EDFEE003B109E /* liolib.c in Sources */ = {isa = PBXBuildFile; fileRef = 20DC4542172EDFEE003B109E /* liolib.c */; };
		20DC457F172EDFEE003B109E /* llex.c in Sources */ = {isa = PBXBuildFile; fileRef = 20DC4543172EDFEE003B109E /* llex.c */; };
		20DC4580172EDFEE003B109E /* llex.h in Headers */ = {isa = PBXBuildFile; fileRef = 20DC4544172EDFEE003B109E /* llex.h */; };
		20DC4581172EDFEE003B109E /* llimits.h in Headers */ = {isa = PBXBuildFile; fileRef = 20DC4545172EDFEE003B109E /* llimits.h */; };
		20DC4582172EDFEE003B109E /* lmathlib.c in Sources */ = {isa = PBXBuildFile; fileRef = 20DC4546172EDFEE003B109E /* lmathlib.c */; };
		20DC4583172EDFEE003B109E /* lmem.c in Sources */ = {isa = PBXBuildFile; fileRef = 20DC4547172EDFEE003B109E /* lmem.c */; };
		20DC4584172EDFEE003B109E /* lmem.h in Headers */ = {isa = PBXBuildFile; fileRef = 20DC4548172EDFEE003B109E /* lmem.h */; };
		20DC4585172EDFEE003B109E /* loadlib.c in Sources */ = {isa = PBXBuildFile; fileRef = 20DC4549172EDFEE003B109E /* loadlib.c */; };
		20DC4586172EDFEE003B109E /* lobject.c in Sources */ = {isa = PBXBuildFile; fileRef = 20DC454A172EDFEE003B109E /* lobject.c */; };
		20DC4587172EDFEE003B109E /* lobject.h in Headers */ = {isa = PBXBuildFile; fileRef = 20DC454B172EDFEE003B109E /* lobject.h */; };
		20DC4588172EDFEE003B109E /* lopcodes.c in Sources */ = {isa = PBXBuildFile; fileRef = 20DC454C172EDFEE003B109E /* lopcodes.c */; };
		20DC4589172EDFEE003B109E /* lopcodes.h in Headers */ = {isa = PBXBuildFile; fileRef = 20DC454D172EDFEE003B109E /* lopcodes.h */; };
		20DC458A172EDFEE003B109E /* loslib.c in Sources */ = {isa = PBXBuildFile; fileRef = 20DC454E172EDFEE003B109E /* loslib.c */; };
		20DC458B172EDFEE003B109E /* lparser.c in Sources */ = {isa = PBXBuildFile; fileRef = 20DC454F172EDFEE003B109E /* lparser.c */; };
		20DC458C172EDFEE003B109E /* lparser.h in Headers */ = {isa = PBXBuildFile; fileRef = 20DC4550172EDFEE003B109E /* lparser.h */; };
		20DC458D172EDFEE003B109E /* lstate.c in Sources */ = {isa = PBXBuildFile; fileRef = 20DC4551172EDFEE003B109E /* lstate.c */; };
		20DC458E172EDFEE003B109E /* lstate.h in Headers */ = {isa = PBXBuildFile; fileRef = 20DC4552172EDFEE003B109E /* lstate.h */; };
		20DC458F172EDFEE003B109E /* lstring.c in Sources */ = {isa = PBXBuildFile; fileRef = 20DC4553172EDFEE003B109E /* lstring.c */; };
		20DC4590172EDFEE003B109E /* lstring.h in Headers */ = {isa = PBXBuildFile; fileRef = 20DC4554172EDFEE003B109E /* lstring.h */; };
		20DC4591172EDFEE003B109E /* lstrlib.c in Sources */ = {isa = PBXBuildFile; fileRef = 20DC4555172EDFEE003B109E /* lstrlib.c */; };
		20DC4592172EDFEE003B109E /* ltable.c in Sources */ = {isa = PBXBuildFile; fileRef = 20DC4556172EDFEE003B109E /* ltable.c */; };
		20DC4593172EDFEE003B109E /* ltable.h in Headers */ = {isa = PBXBuildFile; fileRef = 20DC4557172EDFEE003B109E /* ltable.h */; };
		20DC4594172EDFEE003B109E /* ltablib.c in Sources */ = {isa = PBXBuildFile; fileRef = 20DC4558172EDFEE003B109E /* ltablib.c */; };
		20DC4595172EDFEE003B109E /* ltm.c in Sources */ = {isa = PBXBuildFile; fileRef = 20DC4559172EDFEE003B109E /* ltm.c */; };
		20DC4596172EDFEE003B109E /* ltm.h in Headers */ = {isa = PBXBuildFile; fileRef = 20DC455A172EDFEE003B109E /* ltm.h */; };
		20DC4597172EDFEE003B109E /* lua.h in Headers */ = {isa = PBXBuildFile; fileRef = 20DC455B172EDFEE003B109E /* lua.h */; };
		20DC4598172EDFEE003B109E /* lua.hpp in Headers */ = {isa = PBXBuildFile; fileRef = 20DC455C172EDFEE003B109E /* lua.hpp */; };
		20DC4599172EDFEE003B109E /* luaconf.h in Headers */ = {isa = PBXBuildFile; fileRef = 20DC455D172EDFEE003B109E /* luaconf.h */; };
		20DC459C172EDFEE003B109E /* lualib.h in Headers */ = {isa = PBXBuildFile; fileRef = 20DC4560172EDFEE003B109E /* lualib.h */; };
		20DC459D172EDFEE003B109E /* lundump.c in Sources */ = {isa = PBXBuildFile; fileRef = 20DC4561172EDFEE003B109E /* lundump.c */; };
		20DC459E172EDFEE003B109E /* lundump.h in Headers */ = {isa = PBXBuildFile; fileRef = 20DC4562172EDFEE003B109E /* lundump.h */; };
		20DC459F172EDFEE003B109E /* lvm.c in Sources */ = {isa = PBXBuildFile; fileRef = 20DC4563172EDFEE003B109E /* lvm.c */; };
		20DC45A0172EDFEE003B109E /* lvm.h in Headers */ = {isa = PBXBuildFile; fileRef = 20DC4564172EDFEE003B109E /* lvm.h */; };
		20DC45A1172EDFEE003B109E /* lzio.c in Sources */ = {isa = PBXBuildFile; fileRef = 20DC4565172EDFEE003B109E /* lzio.c */; };
		20DC45A2172EDFEE003B109E /* lzio.h in Headers */ = {isa = PBXBuildFile; fileRef = 20DC4566172EDFEE003B109E /* lzio.h */; };
		20DC45A3172EDFEE003B109E /* macros.h in Headers */ = {isa = PBXBuildFile; fileRef = 20DC4567172EDFEE003B109E /* macros.h */; };
		20DC45A4172EDFEE003B109E /* memarray.c in Sources */ = {isa = PBXBuildFile; fileRef = 20DC4568172EDFEE003B109E /* memarray.c */; };
		20DC45A5172EDFEE003B109E /* menus.h in Headers */ = {isa = PBXBuildFile; fileRef = 20DC4569172EDFEE003B109E /* menus.h */; };
		20DC45A6172EDFEE003B109E /* print.c in Sources */ = {isa = PBXBuildFile; fileRef = 20DC456A172EDFEE003B109E /* print.c */; };
		20DC46D4172EE047003B109E /* adopt_policy.hpp in Headers */ = {isa = PBXBuildFile; fileRef = 20DC4671172EE047003B109E /* adopt_policy.hpp */; };
		20DC46D5172EE047003B109E /* back_reference.hpp in Headers */ = {isa = PBXBuildFile; fileRef = 20DC4672172EE047003B109E /* back_reference.hpp */; };
		20DC46D6172EE047003B109E /* back_reference_fwd.hpp in Headers */ = {isa = PBXBuildFile; fileRef = 20DC4673172EE047003B109E /* back_reference_fwd.hpp */; };
		20DC46D7172EE047003B109E /* class.hpp in Headers */ = {isa = PBXBuildFile; fileRef = 20DC4674172EE047003B109E /* class.hpp */; };
		20DC46D8172EE047003B109E /* class_info.hpp in Headers */ = {isa = PBXBuildFile; fileRef = 20DC4675172EE047003B109E /* class_info.hpp */; };
		20DC46D9172EE047003B109E /* config.hpp in Headers */ = {isa = PBXBuildFile; fileRef = 20DC4676172EE047003B109E /* config.hpp */; };
		20DC46DA172EE047003B109E /* container_policy.hpp in Headers */ = {isa = PBXBuildFile; fileRef = 20DC4677172EE047003B109E /* container_policy.hpp */; };
		20DC46DB172EE047003B109E /* copy_policy.hpp in Headers */ = {isa = PBXBuildFile; fileRef = 20DC4678172EE047003B109E /* copy_policy.hpp */; };
		20DC46DC172EE047003B109E /* dependency_policy.hpp in Headers */ = {isa = PBXBuildFile; fileRef = 20DC4679172EE047003B109E /* dependency_policy.hpp */; };
		20DC46DD172EE047003B109E /* calc_arity.hpp in Headers */ = {isa = PBXBuildFile; fileRef = 20DC467B172EE047003B109E /* calc_arity.hpp */; };
		20DC46DE172EE047003B109E /* call.hpp in Headers */ = {isa = PBXBuildFile; fileRef = 20DC467C172EE047003B109E /* call.hpp */; };
		20DC46DF172EE047003B109E /* call_function.hpp in Headers */ = {isa = PBXBuildFile; fileRef = 20DC467D172EE047003B109E /* call_function.hpp */; };
		20DC46E0172EE047003B109E /* call_member.hpp in Headers */ = {isa = PBXBuildFile; fileRef = 20DC467E172EE047003B109E /* call_member.hpp */; };
		20DC46E1172EE047003B109E /* call_operator_iterate.hpp in Headers */ = {isa = PBXBuildFile; fileRef = 20DC467F172EE047003B109E /* call_operator_iterate.hpp */; };
		20DC46E2172EE047003B109E /* class_cache.hpp in Headers */ = {isa = PBXBuildFile; fileRef = 20DC4680172EE047003B109E /* class_cache.hpp */; };
		20DC46E3172EE047003B109E /* class_registry.hpp in Headers */ = {isa = PBXBuildFile; fileRef = 20DC4681172EE047003B109E /* class_registry.hpp */; };
		20DC46E4172EE047003B109E /* class_rep.hpp in Headers */ = {isa = PBXBuildFile; fileRef = 20DC4682172EE047003B109E /* class_rep.hpp */; };
		20DC46E5172EE047003B109E /* compute_score.hpp in Headers */ = {isa = PBXBuildFile; fileRef = 20DC4683172EE047003B109E /* compute_score.hpp */; };
		20DC46E6172EE047003B109E /* constructor.hpp in Headers */ = {isa = PBXBuildFile; fileRef = 20DC4684172EE047003B109E /* constructor.hpp */; };
		20DC46E7172EE047003B109E /* conversion_storage.hpp in Headers */ = {isa = PBXBuildFile; fileRef = 20DC4685172EE047003B109E /* conversion_storage.hpp */; };
		20DC46E8172EE047003B109E /* convert_to_lua.hpp in Headers */ = {isa = PBXBuildFile; fileRef = 20DC4686172EE047003B109E /* convert_to_lua.hpp */; };
		20DC46E9172EE047003B109E /* debug.hpp in Headers */ = {isa = PBXBuildFile; fileRef = 20DC4687172EE047003B109E /* debug.hpp */; };
		20DC46EA172EE047003B109E /* decorate_type.hpp in Headers */ = {isa = PBXBuildFile; fileRef = 20DC4688172EE047003B109E /* decorate_type.hpp */; };
		20DC46EB172EE047003B109E /* deduce_signature.hpp in Headers */ = {isa = PBXBuildFile; fileRef = 20DC4689172EE047003B109E /* deduce_signature.hpp */; };
		20DC46EC172EE047003B109E /* enum_maker.hpp in Headers */ = {isa = PBXBuildFile; fileRef = 20DC468A172EE047003B109E /* enum_maker.hpp */; };
		20DC46ED172EE047003B109E /* format_signature.hpp in Headers */ = {isa = PBXBuildFile; fileRef = 20DC468B172EE047003B109E /* format_signature.hpp */; };
		20DC46EE172EE047003B109E /* garbage_collector.hpp in Headers */ = {isa = PBXBuildFile; fileRef = 20DC468C172EE047003B109E /* garbage_collector.hpp */; };
		20DC46EF172EE047003B109E /* has_get_pointer.hpp in Headers */ = {isa = PBXBuildFile; fileRef = 20DC468D172EE047003B109E /* has_get_pointer.hpp */; };
		20DC46F0172EE047003B109E /* inheritance.hpp in Headers */ = {isa = PBXBuildFile; fileRef = 20DC468E172EE047003B109E /* inheritance.hpp */; };
		20DC46F1172EE047003B109E /* instance_holder.hpp in Headers */ = {isa = PBXBuildFile; fileRef = 20DC468F172EE047003B109E /* instance_holder.hpp */; };
		20DC46F2172EE047003B109E /* is_indirect_const.hpp in Headers */ = {isa = PBXBuildFile; fileRef = 20DC4690172EE047003B109E /* is_indirect_const.hpp */; };
		20DC46F3172EE047003B109E /* link_compatibility.hpp in Headers */ = {isa = PBXBuildFile; fileRef = 20DC4691172EE047003B109E /* link_compatibility.hpp */; };
		20DC46F4172EE047003B109E /* make_instance.hpp in Headers */ = {isa = PBXBuildFile; fileRef = 20DC4692172EE047003B109E /* make_instance.hpp */; };
		20DC46F5172EE047003B109E /* most_derived.hpp in Headers */ = {isa = PBXBuildFile; fileRef = 20DC4693172EE047003B109E /* most_derived.hpp */; };
		20DC46F6172EE047003B109E /* object_call.hpp in Headers */ = {isa = PBXBuildFile; fileRef = 20DC4694172EE047003B109E /* object_call.hpp */; };
		20DC46F7172EE047003B109E /* object_funs.hpp in Headers */ = {isa = PBXBuildFile; fileRef = 20DC4695172EE047003B109E /* object_funs.hpp */; };
		20DC46F8172EE047003B109E /* object_rep.hpp in Headers */ = {isa = PBXBuildFile; fileRef = 20DC4696172EE047003B109E /* object_rep.hpp */; };
		20DC46F9172EE047003B109E /* open.hpp in Headers */ = {isa = PBXBuildFile; fileRef = 20DC4697172EE047003B109E /* open.hpp */; };
		20DC46FA172EE047003B109E /* operator_id.hpp in Headers */ = {isa = PBXBuildFile; fileRef = 20DC4698172EE047003B109E /* operator_id.hpp */; };
		20DC46FB172EE047003B109E /* other.hpp in Headers */ = {isa = PBXBuildFile; fileRef = 20DC4699172EE047003B109E /* other.hpp */; };
		20DC46FC172EE047003B109E /* pcall.hpp in Headers */ = {isa = PBXBuildFile; fileRef = 20DC469A172EE047003B109E /* pcall.hpp */; };
		20DC46FD172EE047003B109E /* pointee_sizeof.hpp in Headers */ = {isa = PBXBuildFile; fileRef = 20DC469B172EE047003B109E /* pointee_sizeof.hpp */; };
		20DC46FE172EE047003B109E /* pointee_typeid.hpp in Headers */ = {isa = PBXBuildFile; fileRef = 20DC469C172EE047003B109E /* pointee_typeid.hpp */; };
		20DC46FF172EE047003B109E /* policy.hpp in Headers */ = {isa = PBXBuildFile; fileRef = 20DC469D172EE047003B109E /* policy.hpp */; };
		20DC4700172EE047003B109E /* primitives.hpp in Headers */ = {isa = PBXBuildFile; fileRef = 20DC469E172EE047003B109E /* primitives.hpp */; };
		20DC4701172EE047003B109E /* property.hpp in Headers */ = {isa = PBXBuildFile; fileRef = 20DC469F172EE047003B109E /* property.hpp */; };
		20DC4702172EE047003B109E /* ref.hpp in Headers */ = {isa = PBXBuildFile; fileRef = 20DC46A0172EE047003B109E /* ref.hpp */; };
		20DC4703172EE047003B109E /* signature_match.hpp in Headers */ = {isa = PBXBuildFile; fileRef = 20DC46A1172EE047003B109E /* signature_match.hpp */; };
		20DC4704172EE047003B109E /* stack_utils.hpp in Headers */ = {isa = PBXBuildFile; fileRef = 20DC46A2172EE047003B109E /* stack_utils.hpp */; };
		20DC4705172EE047003B109E /* typetraits.hpp in Headers */ = {isa = PBXBuildFile; fileRef = 20DC46A3172EE047003B109E /* typetraits.hpp */; };
		20DC4706172EE047003B109E /* yes_no.hpp in Headers */ = {isa = PBXBuildFile; fileRef = 20DC46A4172EE047003B109E /* yes_no.hpp */; };
		20DC4707172EE047003B109E /* discard_result_policy.hpp in Headers */ = {isa = PBXBuildFile; fileRef = 20DC46A5172EE047003B109E /* discard_result_policy.hpp */; };
		20DC4708172EE047003B109E /* error.hpp in Headers */ = {isa = PBXBuildFile; fileRef = 20DC46A6172EE047003B109E /* error.hpp */; };
		20DC4709172EE047003B109E /* exception_handler.hpp in Headers */ = {isa = PBXBuildFile; fileRef = 20DC46A7172EE047003B109E /* exception_handler.hpp */; };
		20DC470A172EE047003B109E /* from_stack.hpp in Headers */ = {isa = PBXBuildFile; fileRef = 20DC46A8172EE047003B109E /* from_stack.hpp */; };
		20DC470B172EE047003B109E /* function.hpp in Headers */ = {isa = PBXBuildFile; fileRef = 20DC46A9172EE047003B109E /* function.hpp */; };
		20DC470C172EE047003B109E /* get_main_thread.hpp in Headers */ = {isa = PBXBuildFile; fileRef = 20DC46AA172EE047003B109E /* get_main_thread.hpp */; };
		20DC470D172EE047003B109E /* get_pointer.hpp in Headers */ = {isa = PBXBuildFile; fileRef = 20DC46AB172EE047003B109E /* get_pointer.hpp */; };
		20DC470E172EE047003B109E /* handle.hpp in Headers */ = {isa = PBXBuildFile; fileRef = 20DC46AC172EE047003B109E /* handle.hpp */; };
		20DC470F172EE047003B109E /* iterator_policy.hpp in Headers */ = {isa = PBXBuildFile; fileRef = 20DC46AD172EE047003B109E /* iterator_policy.hpp */; };
		20DC4710172EE047003B109E /* lua_include.hpp in Headers */ = {isa = PBXBuildFile; fileRef = 20DC46AE172EE047003B109E /* lua_include.hpp */; };
		20DC4711172EE047003B109E /* luabind.hpp in Headers */ = {isa = PBXBuildFile; fileRef = 20DC46AF172EE047003B109E /* luabind.hpp */; };
		20DC4712172EE047003B109E /* make_function.hpp in Headers */ = {isa = PBXBuildFile; fileRef = 20DC46B0172EE047003B109E /* make_function.hpp */; };
		20DC4713172EE047003B109E /* nil.hpp in Headers */ = {isa = PBXBuildFile; fileRef = 20DC46B1172EE047003B109E /* nil.hpp */; };
		20DC4714172EE047003B109E /* object.hpp in Headers */ = {isa = PBXBuildFile; fileRef = 20DC46B2172EE047003B109E /* object.hpp */; };
		20DC4715172EE047003B109E /* open.hpp in Headers */ = {isa = PBXBuildFile; fileRef = 20DC46B3172EE047003B109E /* open.hpp */; };
		20DC4716172EE047003B109E /* operator.hpp in Headers */ = {isa = PBXBuildFile; fileRef = 20DC46B4172EE047003B109E /* operator.hpp */; };
		20DC4717172EE047003B109E /* out_value_policy.hpp in Headers */ = {isa = PBXBuildFile; fileRef = 20DC46B5172EE047003B109E /* out_value_policy.hpp */; };
		20DC4718172EE047003B109E /* prefix.hpp in Headers */ = {isa = PBXBuildFile; fileRef = 20DC46B6172EE047003B109E /* prefix.hpp */; };
		20DC4719172EE047003B109E /* raw_policy.hpp in Headers */ = {isa = PBXBuildFile; fileRef = 20DC46B7172EE047003B109E /* raw_policy.hpp */; };
		20DC471A172EE047003B109E /* return_reference_to_policy.hpp in Headers */ = {isa = PBXBuildFile; fileRef = 20DC46B8172EE047003B109E /* return_reference_to_policy.hpp */; };
		20DC471B172EE047003B109E /* scope.hpp in Headers */ = {isa = PBXBuildFile; fileRef = 20DC46B9172EE047003B109E /* scope.hpp */; };
		20DC471C172EE047003B109E /* shared_ptr_converter.hpp in Headers */ = {isa = PBXBuildFile; fileRef = 20DC46BA172EE047003B109E /* shared_ptr_converter.hpp */; };
		20DC471D172EE047003B109E /* tag_function.hpp in Headers */ = {isa = PBXBuildFile; fileRef = 20DC46BB172EE047003B109E /* tag_function.hpp */; };
		20DC471E172EE047003B109E /* typeid.hpp in Headers */ = {isa = PBXBuildFile; fileRef = 20DC46BC172EE047003B109E /* typeid.hpp */; };
		20DC471F172EE047003B109E /* value_wrapper.hpp in Headers */ = {isa = PBXBuildFile; fileRef = 20DC46BD172EE047003B109E /* value_wrapper.hpp */; };
		20DC4720172EE047003B109E /* version.hpp in Headers */ = {isa = PBXBuildFile; fileRef = 20DC46BE172EE047003B109E /* version.hpp */; };
		20DC4721172EE047003B109E /* weak_ref.hpp in Headers */ = {isa = PBXBuildFile; fileRef = 20DC46BF172EE047003B109E /* weak_ref.hpp */; };
		20DC4722172EE047003B109E /* wrapper_base.hpp in Headers */ = {isa = PBXBuildFile; fileRef = 20DC46C0172EE047003B109E /* wrapper_base.hpp */; };
		20DC4723172EE047003B109E /* yield_policy.hpp in Headers */ = {isa = PBXBuildFile; fileRef = 20DC46C1172EE047003B109E /* yield_policy.hpp */; };
		20DC4724172EE047003B109E /* class.cpp in Sources */ = {isa = PBXBuildFile; fileRef = 20DC46C3172EE047003B109E /* class.cpp */; };
		20DC4725172EE047003B109E /* class_info.cpp in Sources */ = {isa = PBXBuildFile; fileRef = 20DC46C4172EE047003B109E /* class_info.cpp */; };
		20DC4726172EE047003B109E /* class_registry.cpp in Sources */ = {isa = PBXBuildFile; fileRef = 20DC46C5172EE047003B109E /* class_registry.cpp */; };
		20DC4727172EE047003B109E /* class_rep.cpp in Sources */ = {isa = PBXBuildFile; fileRef = 20DC46C6172EE047003B109E /* class_rep.cpp */; };
		20DC4728172EE047003B109E /* create_class.cpp in Sources */ = {isa = PBXBuildFile; fileRef = 20DC46C7172EE047003B109E /* create_class.cpp */; };
		20DC4729172EE047003B109E /* error.cpp in Sources */ = {isa = PBXBuildFile; fileRef = 20DC46C8172EE047003B109E /* error.cpp */; };
		20DC472A172EE047003B109E /* exception_handler.cpp in Sources */ = {isa = PBXBuildFile; fileRef = 20DC46C9172EE047003B109E /* exception_handler.cpp */; };
		20DC472B172EE047003B109E /* function.cpp in Sources */ = {isa = PBXBuildFile; fileRef = 20DC46CA172EE047003B109E /* function.cpp */; };
		20DC472C172EE047003B109E /* inheritance.cpp in Sources */ = {isa = PBXBuildFile; fileRef = 20DC46CB172EE047003B109E /* inheritance.cpp */; };
		20DC472D172EE047003B109E /* link_compatibility.cpp in Sources */ = {isa = PBXBuildFile; fileRef = 20DC46CC172EE047003B109E /* link_compatibility.cpp */; };
		20DC472E172EE047003B109E /* object_rep.cpp in Sources */ = {isa = PBXBuildFile; fileRef = 20DC46CD172EE047003B109E /* object_rep.cpp */; };
		20DC472F172EE047003B109E /* open.cpp in Sources */ = {isa = PBXBuildFile; fileRef = 20DC46CE172EE047003B109E /* open.cpp */; };
		20DC4730172EE047003B109E /* pcall.cpp in Sources */ = {isa = PBXBuildFile; fileRef = 20DC46CF172EE047003B109E /* pcall.cpp */; };
		20DC4731172EE047003B109E /* scope.cpp in Sources */ = {isa = PBXBuildFile; fileRef = 20DC46D0172EE047003B109E /* scope.cpp */; };
		20DC4732172EE047003B109E /* stack_content_by_name.cpp in Sources */ = {isa = PBXBuildFile; fileRef = 20DC46D1172EE047003B109E /* stack_content_by_name.cpp */; };
		20DC4733172EE047003B109E /* weak_ref.cpp in Sources */ = {isa = PBXBuildFile; fileRef = 20DC46D2172EE047003B109E /* weak_ref.cpp */; };
		20DC4734172EE047003B109E /* wrapper_base.cpp in Sources */ = {isa = PBXBuildFile; fileRef = 20DC46D3172EE047003B109E /* wrapper_base.cpp */; };
		302C28DF142B11AA0048A778 /* liblua.a in Frameworks */ = {isa = PBXBuildFile; fileRef = 302C279C142B0F8F0048A778 /* liblua.a */; };
/* End PBXBuildFile section */

/* Begin PBXContainerItemProxy section */
		302C27A1142B0F9A0048A778 /* PBXContainerItemProxy */ = {
			isa = PBXContainerItemProxy;
			containerPortal = 302C2785142B0F6A0048A778 /* Project object */;
			proxyType = 1;
			remoteGlobalIDString = 302C279B142B0F8F0048A778;
			remoteInfo = lua;
		};
/* End PBXContainerItemProxy section */

/* Begin PBXFileReference section */
		203F267C175195590030E654 /* luagl.c */ = {isa = PBXFileReference; fileEncoding = 4; lastKnownFileType = sourcecode.c.c; path = luagl.c; sourceTree = "<group>"; };
		20DC452E172EDFEE003B109E /* bit.c */ = {isa = PBXFileReference; fileEncoding = 4; lastKnownFileType = sourcecode.c.c; path = bit.c; sourceTree = "<group>"; };
		20DC452F172EDFEE003B109E /* COPYRIGHT */ = {isa = PBXFileReference; fileEncoding = 4; lastKnownFileType = text; path = COPYRIGHT; sourceTree = "<group>"; };
		20DC4530172EDFEE003B109E /* lapi.c */ = {isa = PBXFileReference; fileEncoding = 4; lastKnownFileType = sourcecode.c.c; path = lapi.c; sourceTree = "<group>"; };
		20DC4531172EDFEE003B109E /* lapi.h */ = {isa = PBXFileReference; fileEncoding = 4; lastKnownFileType = sourcecode.c.h; path = lapi.h; sourceTree = "<group>"; };
		20DC4532172EDFEE003B109E /* lauxlib.c */ = {isa = PBXFileReference; fileEncoding = 4; lastKnownFileType = sourcecode.c.c; path = lauxlib.c; sourceTree = "<group>"; };
		20DC4533172EDFEE003B109E /* lauxlib.h */ = {isa = PBXFileReference; fileEncoding = 4; lastKnownFileType = sourcecode.c.h; path = lauxlib.h; sourceTree = "<group>"; };
		20DC4534172EDFEE003B109E /* lbaselib.c */ = {isa = PBXFileReference; fileEncoding = 4; lastKnownFileType = sourcecode.c.c; path = lbaselib.c; sourceTree = "<group>"; };
		20DC4535172EDFEE003B109E /* lcode.c */ = {isa = PBXFileReference; fileEncoding = 4; lastKnownFileType = sourcecode.c.c; path = lcode.c; sourceTree = "<group>"; };
		20DC4536172EDFEE003B109E /* lcode.h */ = {isa = PBXFileReference; fileEncoding = 4; lastKnownFileType = sourcecode.c.h; path = lcode.h; sourceTree = "<group>"; };
		20DC4537172EDFEE003B109E /* ldblib.c */ = {isa = PBXFileReference; fileEncoding = 4; lastKnownFileType = sourcecode.c.c; path = ldblib.c; sourceTree = "<group>"; };
		20DC4538172EDFEE003B109E /* ldebug.c */ = {isa = PBXFileReference; fileEncoding = 4; lastKnownFileType = sourcecode.c.c; path = ldebug.c; sourceTree = "<group>"; };
		20DC4539172EDFEE003B109E /* ldebug.h */ = {isa = PBXFileReference; fileEncoding = 4; lastKnownFileType = sourcecode.c.h; path = ldebug.h; sourceTree = "<group>"; };
		20DC453A172EDFEE003B109E /* ldo.c */ = {isa = PBXFileReference; fileEncoding = 4; lastKnownFileType = sourcecode.c.c; path = ldo.c; sourceTree = "<group>"; };
		20DC453B172EDFEE003B109E /* ldo.h */ = {isa = PBXFileReference; fileEncoding = 4; lastKnownFileType = sourcecode.c.h; path = ldo.h; sourceTree = "<group>"; };
		20DC453C172EDFEE003B109E /* ldump.c */ = {isa = PBXFileReference; fileEncoding = 4; lastKnownFileType = sourcecode.c.c; path = ldump.c; sourceTree = "<group>"; };
		20DC453D172EDFEE003B109E /* lfunc.c */ = {isa = PBXFileReference; fileEncoding = 4; lastKnownFileType = sourcecode.c.c; path = lfunc.c; sourceTree = "<group>"; };
		20DC453E172EDFEE003B109E /* lfunc.h */ = {isa = PBXFileReference; fileEncoding = 4; lastKnownFileType = sourcecode.c.h; path = lfunc.h; sourceTree = "<group>"; };
		20DC453F172EDFEE003B109E /* lgc.c */ = {isa = PBXFileReference; fileEncoding = 4; lastKnownFileType = sourcecode.c.c; path = lgc.c; sourceTree = "<group>"; };
		20DC4540172EDFEE003B109E /* lgc.h */ = {isa = PBXFileReference; fileEncoding = 4; lastKnownFileType = sourcecode.c.h; path = lgc.h; sourceTree = "<group>"; };
		20DC4541172EDFEE003B109E /* linit.c */ = {isa = PBXFileReference; fileEncoding = 4; lastKnownFileType = sourcecode.c.c; path = linit.c; sourceTree = "<group>"; };
		20DC4542172EDFEE003B109E /* liolib.c */ = {isa = PBXFileReference; fileEncoding = 4; lastKnownFileType = sourcecode.c.c; path = liolib.c; sourceTree = "<group>"; };
		20DC4543172EDFEE003B109E /* llex.c */ = {isa = PBXFileReference; fileEncoding = 4; lastKnownFileType = sourcecode.c.c; path = llex.c; sourceTree = "<group>"; };
		20DC4544172EDFEE003B109E /* llex.h */ = {isa = PBXFileReference; fileEncoding = 4; lastKnownFileType = sourcecode.c.h; path = llex.h; sourceTree = "<group>"; };
		20DC4545172EDFEE003B109E /* llimits.h */ = {isa = PBXFileReference; fileEncoding = 4; lastKnownFileType = sourcecode.c.h; path = llimits.h; sourceTree = "<group>"; };
		20DC4546172EDFEE003B109E /* lmathlib.c */ = {isa = PBXFileReference; fileEncoding = 4; lastKnownFileType = sourcecode.c.c; path = lmathlib.c; sourceTree = "<group>"; };
		20DC4547172EDFEE003B109E /* lmem.c */ = {isa = PBXFileReference; fileEncoding = 4; lastKnownFileType = sourcecode.c.c; path = lmem.c; sourceTree = "<group>"; };
		20DC4548172EDFEE003B109E /* lmem.h */ = {isa = PBXFileReference; fileEncoding = 4; lastKnownFileType = sourcecode.c.h; path = lmem.h; sourceTree = "<group>"; };
		20DC4549172EDFEE003B109E /* loadlib.c */ = {isa = PBXFileReference; fileEncoding = 4; lastKnownFileType = sourcecode.c.c; path = loadlib.c; sourceTree = "<group>"; };
		20DC454A172EDFEE003B109E /* lobject.c */ = {isa = PBXFileReference; fileEncoding = 4; lastKnownFileType = sourcecode.c.c; path = lobject.c; sourceTree = "<group>"; };
		20DC454B172EDFEE003B109E /* lobject.h */ = {isa = PBXFileReference; fileEncoding = 4; lastKnownFileType = sourcecode.c.h; path = lobject.h; sourceTree = "<group>"; };
		20DC454C172EDFEE003B109E /* lopcodes.c */ = {isa = PBXFileReference; fileEncoding = 4; lastKnownFileType = sourcecode.c.c; path = lopcodes.c; sourceTree = "<group>"; };
		20DC454D172EDFEE003B109E /* lopcodes.h */ = {isa = PBXFileReference; fileEncoding = 4; lastKnownFileType = sourcecode.c.h; path = lopcodes.h; sourceTree = "<group>"; };
		20DC454E172EDFEE003B109E /* loslib.c */ = {isa = PBXFileReference; fileEncoding = 4; lastKnownFileType = sourcecode.c.c; path = loslib.c; sourceTree = "<group>"; };
		20DC454F172EDFEE003B109E /* lparser.c */ = {isa = PBXFileReference; fileEncoding = 4; lastKnownFileType = sourcecode.c.c; path = lparser.c; sourceTree = "<group>"; };
		20DC4550172EDFEE003B109E /* lparser.h */ = {isa = PBXFileReference; fileEncoding = 4; lastKnownFileType = sourcecode.c.h; path = lparser.h; sourceTree = "<group>"; };
		20DC4551172EDFEE003B109E /* lstate.c */ = {isa = PBXFileReference; fileEncoding = 4; lastKnownFileType = sourcecode.c.c; path = lstate.c; sourceTree = "<group>"; };
		20DC4552172EDFEE003B109E /* lstate.h */ = {isa = PBXFileReference; fileEncoding = 4; lastKnownFileType = sourcecode.c.h; path = lstate.h; sourceTree = "<group>"; };
		20DC4553172EDFEE003B109E /* lstring.c */ = {isa = PBXFileReference; fileEncoding = 4; lastKnownFileType = sourcecode.c.c; path = lstring.c; sourceTree = "<group>"; };
		20DC4554172EDFEE003B109E /* lstring.h */ = {isa = PBXFileReference; fileEncoding = 4; lastKnownFileType = sourcecode.c.h; path = lstring.h; sourceTree = "<group>"; };
		20DC4555172EDFEE003B109E /* lstrlib.c */ = {isa = PBXFileReference; fileEncoding = 4; lastKnownFileType = sourcecode.c.c; path = lstrlib.c; sourceTree = "<group>"; };
		20DC4556172EDFEE003B109E /* ltable.c */ = {isa = PBXFileReference; fileEncoding = 4; lastKnownFileType = sourcecode.c.c; path = ltable.c; sourceTree = "<group>"; };
		20DC4557172EDFEE003B109E /* ltable.h */ = {isa = PBXFileReference; fileEncoding = 4; lastKnownFileType = sourcecode.c.h; path = ltable.h; sourceTree = "<group>"; };
		20DC4558172EDFEE003B109E /* ltablib.c */ = {isa = PBXFileReference; fileEncoding = 4; lastKnownFileType = sourcecode.c.c; path = ltablib.c; sourceTree = "<group>"; };
		20DC4559172EDFEE003B109E /* ltm.c */ = {isa = PBXFileReference; fileEncoding = 4; lastKnownFileType = sourcecode.c.c; path = ltm.c; sourceTree = "<group>"; };
		20DC455A172EDFEE003B109E /* ltm.h */ = {isa = PBXFileReference; fileEncoding = 4; lastKnownFileType = sourcecode.c.h; path = ltm.h; sourceTree = "<group>"; };
		20DC455B172EDFEE003B109E /* lua.h */ = {isa = PBXFileReference; fileEncoding = 4; lastKnownFileType = sourcecode.c.h; path = lua.h; sourceTree = "<group>"; };
		20DC455C172EDFEE003B109E /* lua.hpp */ = {isa = PBXFileReference; fileEncoding = 4; lastKnownFileType = sourcecode.cpp.h; path = lua.hpp; sourceTree = "<group>"; };
		20DC455D172EDFEE003B109E /* luaconf.h */ = {isa = PBXFileReference; fileEncoding = 4; lastKnownFileType = sourcecode.c.h; path = luaconf.h; sourceTree = "<group>"; };
		20DC4560172EDFEE003B109E /* lualib.h */ = {isa = PBXFileReference; fileEncoding = 4; lastKnownFileType = sourcecode.c.h; path = lualib.h; sourceTree = "<group>"; };
		20DC4561172EDFEE003B109E /* lundump.c */ = {isa = PBXFileReference; fileEncoding = 4; lastKnownFileType = sourcecode.c.c; path = lundump.c; sourceTree = "<group>"; };
		20DC4562172EDFEE003B109E /* lundump.h */ = {isa = PBXFileReference; fileEncoding = 4; lastKnownFileType = sourcecode.c.h; path = lundump.h; sourceTree = "<group>"; };
		20DC4563172EDFEE003B109E /* lvm.c */ = {isa = PBXFileReference; fileEncoding = 4; lastKnownFileType = sourcecode.c.c; path = lvm.c; sourceTree = "<group>"; };
		20DC4564172EDFEE003B109E /* lvm.h */ = {isa = PBXFileReference; fileEncoding = 4; lastKnownFileType = sourcecode.c.h; path = lvm.h; sourceTree = "<group>"; };
		20DC4565172EDFEE003B109E /* lzio.c */ = {isa = PBXFileReference; fileEncoding = 4; lastKnownFileType = sourcecode.c.c; path = lzio.c; sourceTree = "<group>"; };
		20DC4566172EDFEE003B109E /* lzio.h */ = {isa = PBXFileReference; fileEncoding = 4; lastKnownFileType = sourcecode.c.h; path = lzio.h; sourceTree = "<group>"; };
		20DC4567172EDFEE003B109E /* macros.h */ = {isa = PBXFileReference; fileEncoding = 4; lastKnownFileType = sourcecode.c.h; path = macros.h; sourceTree = "<group>"; };
		20DC4568172EDFEE003B109E /* memarray.c */ = {isa = PBXFileReference; fileEncoding = 4; lastKnownFileType = sourcecode.c.c; path = memarray.c; sourceTree = "<group>"; };
		20DC4569172EDFEE003B109E /* menus.h */ = {isa = PBXFileReference; fileEncoding = 4; lastKnownFileType = sourcecode.c.h; path = menus.h; sourceTree = "<group>"; };
		20DC456A172EDFEE003B109E /* print.c */ = {isa = PBXFileReference; fileEncoding = 4; lastKnownFileType = sourcecode.c.c; path = print.c; sourceTree = "<group>"; };
		20DC466F172EE047003B109E /* LICENSE */ = {isa = PBXFileReference; fileEncoding = 4; lastKnownFileType = text; path = LICENSE; sourceTree = "<group>"; };
		20DC4671172EE047003B109E /* adopt_policy.hpp */ = {isa = PBXFileReference; fileEncoding = 4; lastKnownFileType = sourcecode.cpp.h; path = adopt_policy.hpp; sourceTree = "<group>"; };
		20DC4672172EE047003B109E /* back_reference.hpp */ = {isa = PBXFileReference; fileEncoding = 4; lastKnownFileType = sourcecode.cpp.h; path = back_reference.hpp; sourceTree = "<group>"; };
		20DC4673172EE047003B109E /* back_reference_fwd.hpp */ = {isa = PBXFileReference; fileEncoding = 4; lastKnownFileType = sourcecode.cpp.h; path = back_reference_fwd.hpp; sourceTree = "<group>"; };
		20DC4674172EE047003B109E /* class.hpp */ = {isa = PBXFileReference; fileEncoding = 4; lastKnownFileType = sourcecode.cpp.h; path = class.hpp; sourceTree = "<group>"; };
		20DC4675172EE047003B109E /* class_info.hpp */ = {isa = PBXFileReference; fileEncoding = 4; lastKnownFileType = sourcecode.cpp.h; path = class_info.hpp; sourceTree = "<group>"; };
		20DC4676172EE047003B109E /* config.hpp */ = {isa = PBXFileReference; fileEncoding = 4; lastKnownFileType = sourcecode.cpp.h; path = config.hpp; sourceTree = "<group>"; };
		20DC4677172EE047003B109E /* container_policy.hpp */ = {isa = PBXFileReference; fileEncoding = 4; lastKnownFileType = sourcecode.cpp.h; path = container_policy.hpp; sourceTree = "<group>"; };
		20DC4678172EE047003B109E /* copy_policy.hpp */ = {isa = PBXFileReference; fileEncoding = 4; lastKnownFileType = sourcecode.cpp.h; path = copy_policy.hpp; sourceTree = "<group>"; };
		20DC4679172EE047003B109E /* dependency_policy.hpp */ = {isa = PBXFileReference; fileEncoding = 4; lastKnownFileType = sourcecode.cpp.h; path = dependency_policy.hpp; sourceTree = "<group>"; };
		20DC467B172EE047003B109E /* calc_arity.hpp */ = {isa = PBXFileReference; fileEncoding = 4; lastKnownFileType = sourcecode.cpp.h; path = calc_arity.hpp; sourceTree = "<group>"; };
		20DC467C172EE047003B109E /* call.hpp */ = {isa = PBXFileReference; fileEncoding = 4; lastKnownFileType = sourcecode.cpp.h; path = call.hpp; sourceTree = "<group>"; };
		20DC467D172EE047003B109E /* call_function.hpp */ = {isa = PBXFileReference; fileEncoding = 4; lastKnownFileType = sourcecode.cpp.h; path = call_function.hpp; sourceTree = "<group>"; };
		20DC467E172EE047003B109E /* call_member.hpp */ = {isa = PBXFileReference; fileEncoding = 4; lastKnownFileType = sourcecode.cpp.h; path = call_member.hpp; sourceTree = "<group>"; };
		20DC467F172EE047003B109E /* call_operator_iterate.hpp */ = {isa = PBXFileReference; fileEncoding = 4; lastKnownFileType = sourcecode.cpp.h; path = call_operator_iterate.hpp; sourceTree = "<group>"; };
		20DC4680172EE047003B109E /* class_cache.hpp */ = {isa = PBXFileReference; fileEncoding = 4; lastKnownFileType = sourcecode.cpp.h; path = class_cache.hpp; sourceTree = "<group>"; };
		20DC4681172EE047003B109E /* class_registry.hpp */ = {isa = PBXFileReference; fileEncoding = 4; lastKnownFileType = sourcecode.cpp.h; path = class_registry.hpp; sourceTree = "<group>"; };
		20DC4682172EE047003B109E /* class_rep.hpp */ = {isa = PBXFileReference; fileEncoding = 4; lastKnownFileType = sourcecode.cpp.h; path = class_rep.hpp; sourceTree = "<group>"; };
		20DC4683172EE047003B109E /* compute_score.hpp */ = {isa = PBXFileReference; fileEncoding = 4; lastKnownFileType = sourcecode.cpp.h; path = compute_score.hpp; sourceTree = "<group>"; };
		20DC4684172EE047003B109E /* constructor.hpp */ = {isa = PBXFileReference; fileEncoding = 4; lastKnownFileType = sourcecode.cpp.h; path = constructor.hpp; sourceTree = "<group>"; };
		20DC4685172EE047003B109E /* conversion_storage.hpp */ = {isa = PBXFileReference; fileEncoding = 4; lastKnownFileType = sourcecode.cpp.h; path = conversion_storage.hpp; sourceTree = "<group>"; };
		20DC4686172EE047003B109E /* convert_to_lua.hpp */ = {isa = PBXFileReference; fileEncoding = 4; lastKnownFileType = sourcecode.cpp.h; path = convert_to_lua.hpp; sourceTree = "<group>"; };
		20DC4687172EE047003B109E /* debug.hpp */ = {isa = PBXFileReference; fileEncoding = 4; lastKnownFileType = sourcecode.cpp.h; path = debug.hpp; sourceTree = "<group>"; };
		20DC4688172EE047003B109E /* decorate_type.hpp */ = {isa = PBXFileReference; fileEncoding = 4; lastKnownFileType = sourcecode.cpp.h; path = decorate_type.hpp; sourceTree = "<group>"; };
		20DC4689172EE047003B109E /* deduce_signature.hpp */ = {isa = PBXFileReference; fileEncoding = 4; lastKnownFileType = sourcecode.cpp.h; path = deduce_signature.hpp; sourceTree = "<group>"; };
		20DC468A172EE047003B109E /* enum_maker.hpp */ = {isa = PBXFileReference; fileEncoding = 4; lastKnownFileType = sourcecode.cpp.h; path = enum_maker.hpp; sourceTree = "<group>"; };
		20DC468B172EE047003B109E /* format_signature.hpp */ = {isa = PBXFileReference; fileEncoding = 4; lastKnownFileType = sourcecode.cpp.h; path = format_signature.hpp; sourceTree = "<group>"; };
		20DC468C172EE047003B109E /* garbage_collector.hpp */ = {isa = PBXFileReference; fileEncoding = 4; lastKnownFileType = sourcecode.cpp.h; path = garbage_collector.hpp; sourceTree = "<group>"; };
		20DC468D172EE047003B109E /* has_get_pointer.hpp */ = {isa = PBXFileReference; fileEncoding = 4; lastKnownFileType = sourcecode.cpp.h; path = has_get_pointer.hpp; sourceTree = "<group>"; };
		20DC468E172EE047003B109E /* inheritance.hpp */ = {isa = PBXFileReference; fileEncoding = 4; lastKnownFileType = sourcecode.cpp.h; path = inheritance.hpp; sourceTree = "<group>"; };
		20DC468F172EE047003B109E /* instance_holder.hpp */ = {isa = PBXFileReference; fileEncoding = 4; lastKnownFileType = sourcecode.cpp.h; path = instance_holder.hpp; sourceTree = "<group>"; };
		20DC4690172EE047003B109E /* is_indirect_const.hpp */ = {isa = PBXFileReference; fileEncoding = 4; lastKnownFileType = sourcecode.cpp.h; path = is_indirect_const.hpp; sourceTree = "<group>"; };
		20DC4691172EE047003B109E /* link_compatibility.hpp */ = {isa = PBXFileReference; fileEncoding = 4; lastKnownFileType = sourcecode.cpp.h; path = link_compatibility.hpp; sourceTree = "<group>"; };
		20DC4692172EE047003B109E /* make_instance.hpp */ = {isa = PBXFileReference; fileEncoding = 4; lastKnownFileType = sourcecode.cpp.h; path = make_instance.hpp; sourceTree = "<group>"; };
		20DC4693172EE047003B109E /* most_derived.hpp */ = {isa = PBXFileReference; fileEncoding = 4; lastKnownFileType = sourcecode.cpp.h; path = most_derived.hpp; sourceTree = "<group>"; };
		20DC4694172EE047003B109E /* object_call.hpp */ = {isa = PBXFileReference; fileEncoding = 4; lastKnownFileType = sourcecode.cpp.h; path = object_call.hpp; sourceTree = "<group>"; };
		20DC4695172EE047003B109E /* object_funs.hpp */ = {isa = PBXFileReference; fileEncoding = 4; lastKnownFileType = sourcecode.cpp.h; path = object_funs.hpp; sourceTree = "<group>"; };
		20DC4696172EE047003B109E /* object_rep.hpp */ = {isa = PBXFileReference; fileEncoding = 4; lastKnownFileType = sourcecode.cpp.h; path = object_rep.hpp; sourceTree = "<group>"; };
		20DC4697172EE047003B109E /* open.hpp */ = {isa = PBXFileReference; fileEncoding = 4; lastKnownFileType = sourcecode.cpp.h; path = open.hpp; sourceTree = "<group>"; };
		20DC4698172EE047003B109E /* operator_id.hpp */ = {isa = PBXFileReference; fileEncoding = 4; lastKnownFileType = sourcecode.cpp.h; path = operator_id.hpp; sourceTree = "<group>"; };
		20DC4699172EE047003B109E /* other.hpp */ = {isa = PBXFileReference; fileEncoding = 4; lastKnownFileType = sourcecode.cpp.h; path = other.hpp; sourceTree = "<group>"; };
		20DC469A172EE047003B109E /* pcall.hpp */ = {isa = PBXFileReference; fileEncoding = 4; lastKnownFileType = sourcecode.cpp.h; path = pcall.hpp; sourceTree = "<group>"; };
		20DC469B172EE047003B109E /* pointee_sizeof.hpp */ = {isa = PBXFileReference; fileEncoding = 4; lastKnownFileType = sourcecode.cpp.h; path = pointee_sizeof.hpp; sourceTree = "<group>"; };
		20DC469C172EE047003B109E /* pointee_typeid.hpp */ = {isa = PBXFileReference; fileEncoding = 4; lastKnownFileType = sourcecode.cpp.h; path = pointee_typeid.hpp; sourceTree = "<group>"; };
		20DC469D172EE047003B109E /* policy.hpp */ = {isa = PBXFileReference; fileEncoding = 4; lastKnownFileType = sourcecode.cpp.h; path = policy.hpp; sourceTree = "<group>"; };
		20DC469E172EE047003B109E /* primitives.hpp */ = {isa = PBXFileReference; fileEncoding = 4; lastKnownFileType = sourcecode.cpp.h; path = primitives.hpp; sourceTree = "<group>"; };
		20DC469F172EE047003B109E /* property.hpp */ = {isa = PBXFileReference; fileEncoding = 4; lastKnownFileType = sourcecode.cpp.h; path = property.hpp; sourceTree = "<group>"; };
		20DC46A0172EE047003B109E /* ref.hpp */ = {isa = PBXFileReference; fileEncoding = 4; lastKnownFileType = sourcecode.cpp.h; path = ref.hpp; sourceTree = "<group>"; };
		20DC46A1172EE047003B109E /* signature_match.hpp */ = {isa = PBXFileReference; fileEncoding = 4; lastKnownFileType = sourcecode.cpp.h; path = signature_match.hpp; sourceTree = "<group>"; };
		20DC46A2172EE047003B109E /* stack_utils.hpp */ = {isa = PBXFileReference; fileEncoding = 4; lastKnownFileType = sourcecode.cpp.h; path = stack_utils.hpp; sourceTree = "<group>"; };
		20DC46A3172EE047003B109E /* typetraits.hpp */ = {isa = PBXFileReference; fileEncoding = 4; lastKnownFileType = sourcecode.cpp.h; path = typetraits.hpp; sourceTree = "<group>"; };
		20DC46A4172EE047003B109E /* yes_no.hpp */ = {isa = PBXFileReference; fileEncoding = 4; lastKnownFileType = sourcecode.cpp.h; path = yes_no.hpp; sourceTree = "<group>"; };
		20DC46A5172EE047003B109E /* discard_result_policy.hpp */ = {isa = PBXFileReference; fileEncoding = 4; lastKnownFileType = sourcecode.cpp.h; path = discard_result_policy.hpp; sourceTree = "<group>"; };
		20DC46A6172EE047003B109E /* error.hpp */ = {isa = PBXFileReference; fileEncoding = 4; lastKnownFileType = sourcecode.cpp.h; path = error.hpp; sourceTree = "<group>"; };
		20DC46A7172EE047003B109E /* exception_handler.hpp */ = {isa = PBXFileReference; fileEncoding = 4; lastKnownFileType = sourcecode.cpp.h; path = exception_handler.hpp; sourceTree = "<group>"; };
		20DC46A8172EE047003B109E /* from_stack.hpp */ = {isa = PBXFileReference; fileEncoding = 4; lastKnownFileType = sourcecode.cpp.h; path = from_stack.hpp; sourceTree = "<group>"; };
		20DC46A9172EE047003B109E /* function.hpp */ = {isa = PBXFileReference; fileEncoding = 4; lastKnownFileType = sourcecode.cpp.h; path = function.hpp; sourceTree = "<group>"; };
		20DC46AA172EE047003B109E /* get_main_thread.hpp */ = {isa = PBXFileReference; fileEncoding = 4; lastKnownFileType = sourcecode.cpp.h; path = get_main_thread.hpp; sourceTree = "<group>"; };
		20DC46AB172EE047003B109E /* get_pointer.hpp */ = {isa = PBXFileReference; fileEncoding = 4; lastKnownFileType = sourcecode.cpp.h; path = get_pointer.hpp; sourceTree = "<group>"; };
		20DC46AC172EE047003B109E /* handle.hpp */ = {isa = PBXFileReference; fileEncoding = 4; lastKnownFileType = sourcecode.cpp.h; path = handle.hpp; sourceTree = "<group>"; };
		20DC46AD172EE047003B109E /* iterator_policy.hpp */ = {isa = PBXFileReference; fileEncoding = 4; lastKnownFileType = sourcecode.cpp.h; path = iterator_policy.hpp; sourceTree = "<group>"; };
		20DC46AE172EE047003B109E /* lua_include.hpp */ = {isa = PBXFileReference; fileEncoding = 4; lastKnownFileType = sourcecode.cpp.h; path = lua_include.hpp; sourceTree = "<group>"; };
		20DC46AF172EE047003B109E /* luabind.hpp */ = {isa = PBXFileReference; fileEncoding = 4; lastKnownFileType = sourcecode.cpp.h; path = luabind.hpp; sourceTree = "<group>"; };
		20DC46B0172EE047003B109E /* make_function.hpp */ = {isa = PBXFileReference; fileEncoding = 4; lastKnownFileType = sourcecode.cpp.h; path = make_function.hpp; sourceTree = "<group>"; };
		20DC46B1172EE047003B109E /* nil.hpp */ = {isa = PBXFileReference; fileEncoding = 4; lastKnownFileType = sourcecode.cpp.h; path = nil.hpp; sourceTree = "<group>"; };
		20DC46B2172EE047003B109E /* object.hpp */ = {isa = PBXFileReference; fileEncoding = 4; lastKnownFileType = sourcecode.cpp.h; path = object.hpp; sourceTree = "<group>"; };
		20DC46B3172EE047003B109E /* open.hpp */ = {isa = PBXFileReference; fileEncoding = 4; lastKnownFileType = sourcecode.cpp.h; path = open.hpp; sourceTree = "<group>"; };
		20DC46B4172EE047003B109E /* operator.hpp */ = {isa = PBXFileReference; fileEncoding = 4; lastKnownFileType = sourcecode.cpp.h; path = operator.hpp; sourceTree = "<group>"; };
		20DC46B5172EE047003B109E /* out_value_policy.hpp */ = {isa = PBXFileReference; fileEncoding = 4; lastKnownFileType = sourcecode.cpp.h; path = out_value_policy.hpp; sourceTree = "<group>"; };
		20DC46B6172EE047003B109E /* prefix.hpp */ = {isa = PBXFileReference; fileEncoding = 4; lastKnownFileType = sourcecode.cpp.h; path = prefix.hpp; sourceTree = "<group>"; };
		20DC46B7172EE047003B109E /* raw_policy.hpp */ = {isa = PBXFileReference; fileEncoding = 4; lastKnownFileType = sourcecode.cpp.h; path = raw_policy.hpp; sourceTree = "<group>"; };
		20DC46B8172EE047003B109E /* return_reference_to_policy.hpp */ = {isa = PBXFileReference; fileEncoding = 4; lastKnownFileType = sourcecode.cpp.h; path = return_reference_to_policy.hpp; sourceTree = "<group>"; };
		20DC46B9172EE047003B109E /* scope.hpp */ = {isa = PBXFileReference; fileEncoding = 4; lastKnownFileType = sourcecode.cpp.h; path = scope.hpp; sourceTree = "<group>"; };
		20DC46BA172EE047003B109E /* shared_ptr_converter.hpp */ = {isa = PBXFileReference; fileEncoding = 4; lastKnownFileType = sourcecode.cpp.h; path = shared_ptr_converter.hpp; sourceTree = "<group>"; };
		20DC46BB172EE047003B109E /* tag_function.hpp */ = {isa = PBXFileReference; fileEncoding = 4; lastKnownFileType = sourcecode.cpp.h; path = tag_function.hpp; sourceTree = "<group>"; };
		20DC46BC172EE047003B109E /* typeid.hpp */ = {isa = PBXFileReference; fileEncoding = 4; lastKnownFileType = sourcecode.cpp.h; path = typeid.hpp; sourceTree = "<group>"; };
		20DC46BD172EE047003B109E /* value_wrapper.hpp */ = {isa = PBXFileReference; fileEncoding = 4; lastKnownFileType = sourcecode.cpp.h; path = value_wrapper.hpp; sourceTree = "<group>"; };
		20DC46BE172EE047003B109E /* version.hpp */ = {isa = PBXFileReference; fileEncoding = 4; lastKnownFileType = sourcecode.cpp.h; path = version.hpp; sourceTree = "<group>"; };
		20DC46BF172EE047003B109E /* weak_ref.hpp */ = {isa = PBXFileReference; fileEncoding = 4; lastKnownFileType = sourcecode.cpp.h; path = weak_ref.hpp; sourceTree = "<group>"; };
		20DC46C0172EE047003B109E /* wrapper_base.hpp */ = {isa = PBXFileReference; fileEncoding = 4; lastKnownFileType = sourcecode.cpp.h; path = wrapper_base.hpp; sourceTree = "<group>"; };
		20DC46C1172EE047003B109E /* yield_policy.hpp */ = {isa = PBXFileReference; fileEncoding = 4; lastKnownFileType = sourcecode.cpp.h; path = yield_policy.hpp; sourceTree = "<group>"; };
		20DC46C3172EE047003B109E /* class.cpp */ = {isa = PBXFileReference; fileEncoding = 4; lastKnownFileType = sourcecode.cpp.cpp; path = class.cpp; sourceTree = "<group>"; };
		20DC46C4172EE047003B109E /* class_info.cpp */ = {isa = PBXFileReference; fileEncoding = 4; lastKnownFileType = sourcecode.cpp.cpp; path = class_info.cpp; sourceTree = "<group>"; };
		20DC46C5172EE047003B109E /* class_registry.cpp */ = {isa = PBXFileReference; fileEncoding = 4; lastKnownFileType = sourcecode.cpp.cpp; path = class_registry.cpp; sourceTree = "<group>"; };
		20DC46C6172EE047003B109E /* class_rep.cpp */ = {isa = PBXFileReference; fileEncoding = 4; lastKnownFileType = sourcecode.cpp.cpp; path = class_rep.cpp; sourceTree = "<group>"; };
		20DC46C7172EE047003B109E /* create_class.cpp */ = {isa = PBXFileReference; fileEncoding = 4; lastKnownFileType = sourcecode.cpp.cpp; path = create_class.cpp; sourceTree = "<group>"; };
		20DC46C8172EE047003B109E /* error.cpp */ = {isa = PBXFileReference; fileEncoding = 4; lastKnownFileType = sourcecode.cpp.cpp; path = error.cpp; sourceTree = "<group>"; };
		20DC46C9172EE047003B109E /* exception_handler.cpp */ = {isa = PBXFileReference; fileEncoding = 4; lastKnownFileType = sourcecode.cpp.cpp; path = exception_handler.cpp; sourceTree = "<group>"; };
		20DC46CA172EE047003B109E /* function.cpp */ = {isa = PBXFileReference; fileEncoding = 4; lastKnownFileType = sourcecode.cpp.cpp; path = function.cpp; sourceTree = "<group>"; };
		20DC46CB172EE047003B109E /* inheritance.cpp */ = {isa = PBXFileReference; fileEncoding = 4; lastKnownFileType = sourcecode.cpp.cpp; path = inheritance.cpp; sourceTree = "<group>"; };
		20DC46CC172EE047003B109E /* link_compatibility.cpp */ = {isa = PBXFileReference; fileEncoding = 4; lastKnownFileType = sourcecode.cpp.cpp; path = link_compatibility.cpp; sourceTree = "<group>"; };
		20DC46CD172EE047003B109E /* object_rep.cpp */ = {isa = PBXFileReference; fileEncoding = 4; lastKnownFileType = sourcecode.cpp.cpp; path = object_rep.cpp; sourceTree = "<group>"; };
		20DC46CE172EE047003B109E /* open.cpp */ = {isa = PBXFileReference; fileEncoding = 4; lastKnownFileType = sourcecode.cpp.cpp; path = open.cpp; sourceTree = "<group>"; };
		20DC46CF172EE047003B109E /* pcall.cpp */ = {isa = PBXFileReference; fileEncoding = 4; lastKnownFileType = sourcecode.cpp.cpp; path = pcall.cpp; sourceTree = "<group>"; };
		20DC46D0172EE047003B109E /* scope.cpp */ = {isa = PBXFileReference; fileEncoding = 4; lastKnownFileType = sourcecode.cpp.cpp; path = scope.cpp; sourceTree = "<group>"; };
		20DC46D1172EE047003B109E /* stack_content_by_name.cpp */ = {isa = PBXFileReference; fileEncoding = 4; lastKnownFileType = sourcecode.cpp.cpp; path = stack_content_by_name.cpp; sourceTree = "<group>"; };
		20DC46D2172EE047003B109E /* weak_ref.cpp */ = {isa = PBXFileReference; fileEncoding = 4; lastKnownFileType = sourcecode.cpp.cpp; path = weak_ref.cpp; sourceTree = "<group>"; };
		20DC46D3172EE047003B109E /* wrapper_base.cpp */ = {isa = PBXFileReference; fileEncoding = 4; lastKnownFileType = sourcecode.cpp.cpp; path = wrapper_base.cpp; sourceTree = "<group>"; };
		302C278E142B0F6A0048A778 /* libluabind.a */ = {isa = PBXFileReference; explicitFileType = archive.ar; includeInIndex = 0; path = libluabind.a; sourceTree = BUILT_PRODUCTS_DIR; };
		302C279C142B0F8F0048A778 /* liblua.a */ = {isa = PBXFileReference; explicitFileType = archive.ar; includeInIndex = 0; path = liblua.a; sourceTree = BUILT_PRODUCTS_DIR; };
/* End PBXFileReference section */

/* Begin PBXFrameworksBuildPhase section */
		302C278B142B0F6A0048A778 /* Frameworks */ = {
			isa = PBXFrameworksBuildPhase;
			buildActionMask = 2147483647;
			files = (
				302C28DF142B11AA0048A778 /* liblua.a in Frameworks */,
			);
			runOnlyForDeploymentPostprocessing = 0;
		};
		302C2799142B0F8F0048A778 /* Frameworks */ = {
			isa = PBXFrameworksBuildPhase;
			buildActionMask = 2147483647;
			files = (
			);
			runOnlyForDeploymentPostprocessing = 0;
		};
/* End PBXFrameworksBuildPhase section */

/* Begin PBXGroup section */
		20DC452D172EDFEE003B109E /* lua */ = {
			isa = PBXGroup;
			children = (
				20DC452E172EDFEE003B109E /* bit.c */,
				20DC452F172EDFEE003B109E /* COPYRIGHT */,
				20DC4530172EDFEE003B109E /* lapi.c */,
				20DC4531172EDFEE003B109E /* lapi.h */,
				20DC4532172EDFEE003B109E /* lauxlib.c */,
				20DC4533172EDFEE003B109E /* lauxlib.h */,
				20DC4534172EDFEE003B109E /* lbaselib.c */,
				20DC4535172EDFEE003B109E /* lcode.c */,
				20DC4536172EDFEE003B109E /* lcode.h */,
				20DC4537172EDFEE003B109E /* ldblib.c */,
				20DC4538172EDFEE003B109E /* ldebug.c */,
				20DC4539172EDFEE003B109E /* ldebug.h */,
				20DC453A172EDFEE003B109E /* ldo.c */,
				20DC453B172EDFEE003B109E /* ldo.h */,
				20DC453C172EDFEE003B109E /* ldump.c */,
				20DC453D172EDFEE003B109E /* lfunc.c */,
				20DC453E172EDFEE003B109E /* lfunc.h */,
				20DC453F172EDFEE003B109E /* lgc.c */,
				20DC4540172EDFEE003B109E /* lgc.h */,
				20DC4541172EDFEE003B109E /* linit.c */,
				20DC4542172EDFEE003B109E /* liolib.c */,
				20DC4543172EDFEE003B109E /* llex.c */,
				20DC4544172EDFEE003B109E /* llex.h */,
				20DC4545172EDFEE003B109E /* llimits.h */,
				20DC4546172EDFEE003B109E /* lmathlib.c */,
				20DC4547172EDFEE003B109E /* lmem.c */,
				20DC4548172EDFEE003B109E /* lmem.h */,
				20DC4549172EDFEE003B109E /* loadlib.c */,
				20DC454A172EDFEE003B109E /* lobject.c */,
				20DC454B172EDFEE003B109E /* lobject.h */,
				20DC454C172EDFEE003B109E /* lopcodes.c */,
				20DC454D172EDFEE003B109E /* lopcodes.h */,
				20DC454E172EDFEE003B109E /* loslib.c */,
				20DC454F172EDFEE003B109E /* lparser.c */,
				20DC4550172EDFEE003B109E /* lparser.h */,
				20DC4551172EDFEE003B109E /* lstate.c */,
				20DC4552172EDFEE003B109E /* lstate.h */,
				20DC4553172EDFEE003B109E /* lstring.c */,
				20DC4554172EDFEE003B109E /* lstring.h */,
				20DC4555172EDFEE003B109E /* lstrlib.c */,
				20DC4556172EDFEE003B109E /* ltable.c */,
				20DC4557172EDFEE003B109E /* ltable.h */,
				20DC4558172EDFEE003B109E /* ltablib.c */,
				20DC4559172EDFEE003B109E /* ltm.c */,
				20DC455A172EDFEE003B109E /* ltm.h */,
				20DC455B172EDFEE003B109E /* lua.h */,
				20DC455C172EDFEE003B109E /* lua.hpp */,
				20DC455D172EDFEE003B109E /* luaconf.h */,
				203F267C175195590030E654 /* luagl.c */,
				20DC4560172EDFEE003B109E /* lualib.h */,
				20DC4561172EDFEE003B109E /* lundump.c */,
				20DC4562172EDFEE003B109E /* lundump.h */,
				20DC4563172EDFEE003B109E /* lvm.c */,
				20DC4564172EDFEE003B109E /* lvm.h */,
				20DC4565172EDFEE003B109E /* lzio.c */,
				20DC4566172EDFEE003B109E /* lzio.h */,
				20DC4567172EDFEE003B109E /* macros.h */,
				20DC4568172EDFEE003B109E /* memarray.c */,
				20DC4569172EDFEE003B109E /* menus.h */,
				20DC456A172EDFEE003B109E /* print.c */,
			);
			name = lua;
			path = ../src/lua;
			sourceTree = "<group>";
		};
		20DC466E172EE047003B109E /* luabind */ = {
			isa = PBXGroup;
			children = (
				20DC466F172EE047003B109E /* LICENSE */,
				20DC4670172EE047003B109E /* luabind */,
				20DC46C2172EE047003B109E /* src */,
			);
			name = luabind;
			path = ../src/luabind;
			sourceTree = "<group>";
		};
		20DC4670172EE047003B109E /* luabind */ = {
			isa = PBXGroup;
			children = (
				20DC4671172EE047003B109E /* adopt_policy.hpp */,
				20DC4672172EE047003B109E /* back_reference.hpp */,
				20DC4673172EE047003B109E /* back_reference_fwd.hpp */,
				20DC4674172EE047003B109E /* class.hpp */,
				20DC4675172EE047003B109E /* class_info.hpp */,
				20DC4676172EE047003B109E /* config.hpp */,
				20DC4677172EE047003B109E /* container_policy.hpp */,
				20DC4678172EE047003B109E /* copy_policy.hpp */,
				20DC4679172EE047003B109E /* dependency_policy.hpp */,
				20DC467A172EE047003B109E /* detail */,
				20DC46A5172EE047003B109E /* discard_result_policy.hpp */,
				20DC46A6172EE047003B109E /* error.hpp */,
				20DC46A7172EE047003B109E /* exception_handler.hpp */,
				20DC46A8172EE047003B109E /* from_stack.hpp */,
				20DC46A9172EE047003B109E /* function.hpp */,
				20DC46AA172EE047003B109E /* get_main_thread.hpp */,
				20DC46AB172EE047003B109E /* get_pointer.hpp */,
				20DC46AC172EE047003B109E /* handle.hpp */,
				20DC46AD172EE047003B109E /* iterator_policy.hpp */,
				20DC46AE172EE047003B109E /* lua_include.hpp */,
				20DC46AF172EE047003B109E /* luabind.hpp */,
				20DC46B0172EE047003B109E /* make_function.hpp */,
				20DC46B1172EE047003B109E /* nil.hpp */,
				20DC46B2172EE047003B109E /* object.hpp */,
				20DC46B3172EE047003B109E /* open.hpp */,
				20DC46B4172EE047003B109E /* operator.hpp */,
				20DC46B5172EE047003B109E /* out_value_policy.hpp */,
				20DC46B6172EE047003B109E /* prefix.hpp */,
				20DC46B7172EE047003B109E /* raw_policy.hpp */,
				20DC46B8172EE047003B109E /* return_reference_to_policy.hpp */,
				20DC46B9172EE047003B109E /* scope.hpp */,
				20DC46BA172EE047003B109E /* shared_ptr_converter.hpp */,
				20DC46BB172EE047003B109E /* tag_function.hpp */,
				20DC46BC172EE047003B109E /* typeid.hpp */,
				20DC46BD172EE047003B109E /* value_wrapper.hpp */,
				20DC46BE172EE047003B109E /* version.hpp */,
				20DC46BF172EE047003B109E /* weak_ref.hpp */,
				20DC46C0172EE047003B109E /* wrapper_base.hpp */,
				20DC46C1172EE047003B109E /* yield_policy.hpp */,
			);
			path = luabind;
			sourceTree = "<group>";
		};
		20DC467A172EE047003B109E /* detail */ = {
			isa = PBXGroup;
			children = (
				20DC467B172EE047003B109E /* calc_arity.hpp */,
				20DC467C172EE047003B109E /* call.hpp */,
				20DC467D172EE047003B109E /* call_function.hpp */,
				20DC467E172EE047003B109E /* call_member.hpp */,
				20DC467F172EE047003B109E /* call_operator_iterate.hpp */,
				20DC4680172EE047003B109E /* class_cache.hpp */,
				20DC4681172EE047003B109E /* class_registry.hpp */,
				20DC4682172EE047003B109E /* class_rep.hpp */,
				20DC4683172EE047003B109E /* compute_score.hpp */,
				20DC4684172EE047003B109E /* constructor.hpp */,
				20DC4685172EE047003B109E /* conversion_storage.hpp */,
				20DC4686172EE047003B109E /* convert_to_lua.hpp */,
				20DC4687172EE047003B109E /* debug.hpp */,
				20DC4688172EE047003B109E /* decorate_type.hpp */,
				20DC4689172EE047003B109E /* deduce_signature.hpp */,
				20DC468A172EE047003B109E /* enum_maker.hpp */,
				20DC468B172EE047003B109E /* format_signature.hpp */,
				20DC468C172EE047003B109E /* garbage_collector.hpp */,
				20DC468D172EE047003B109E /* has_get_pointer.hpp */,
				20DC468E172EE047003B109E /* inheritance.hpp */,
				20DC468F172EE047003B109E /* instance_holder.hpp */,
				20DC4690172EE047003B109E /* is_indirect_const.hpp */,
				20DC4691172EE047003B109E /* link_compatibility.hpp */,
				20DC4692172EE047003B109E /* make_instance.hpp */,
				20DC4693172EE047003B109E /* most_derived.hpp */,
				20DC4694172EE047003B109E /* object_call.hpp */,
				20DC4695172EE047003B109E /* object_funs.hpp */,
				20DC4696172EE047003B109E /* object_rep.hpp */,
				20DC4697172EE047003B109E /* open.hpp */,
				20DC4698172EE047003B109E /* operator_id.hpp */,
				20DC4699172EE047003B109E /* other.hpp */,
				20DC469A172EE047003B109E /* pcall.hpp */,
				20DC469B172EE047003B109E /* pointee_sizeof.hpp */,
				20DC469C172EE047003B109E /* pointee_typeid.hpp */,
				20DC469D172EE047003B109E /* policy.hpp */,
				20DC469E172EE047003B109E /* primitives.hpp */,
				20DC469F172EE047003B109E /* property.hpp */,
				20DC46A0172EE047003B109E /* ref.hpp */,
				20DC46A1172EE047003B109E /* signature_match.hpp */,
				20DC46A2172EE047003B109E /* stack_utils.hpp */,
				20DC46A3172EE047003B109E /* typetraits.hpp */,
				20DC46A4172EE047003B109E /* yes_no.hpp */,
			);
			path = detail;
			sourceTree = "<group>";
		};
		20DC46C2172EE047003B109E /* src */ = {
			isa = PBXGroup;
			children = (
				20DC46C3172EE047003B109E /* class.cpp */,
				20DC46C4172EE047003B109E /* class_info.cpp */,
				20DC46C5172EE047003B109E /* class_registry.cpp */,
				20DC46C6172EE047003B109E /* class_rep.cpp */,
				20DC46C7172EE047003B109E /* create_class.cpp */,
				20DC46C8172EE047003B109E /* error.cpp */,
				20DC46C9172EE047003B109E /* exception_handler.cpp */,
				20DC46CA172EE047003B109E /* function.cpp */,
				20DC46CB172EE047003B109E /* inheritance.cpp */,
				20DC46CC172EE047003B109E /* link_compatibility.cpp */,
				20DC46CD172EE047003B109E /* object_rep.cpp */,
				20DC46CE172EE047003B109E /* open.cpp */,
				20DC46CF172EE047003B109E /* pcall.cpp */,
				20DC46D0172EE047003B109E /* scope.cpp */,
				20DC46D1172EE047003B109E /* stack_content_by_name.cpp */,
				20DC46D2172EE047003B109E /* weak_ref.cpp */,
				20DC46D3172EE047003B109E /* wrapper_base.cpp */,
			);
			path = src;
			sourceTree = "<group>";
		};
		302C2783142B0F6A0048A778 = {
			isa = PBXGroup;
			children = (
				20DC452D172EDFEE003B109E /* lua */,
				20DC466E172EE047003B109E /* luabind */,
				302C278F142B0F6A0048A778 /* Products */,
			);
			sourceTree = "<group>";
		};
		302C278F142B0F6A0048A778 /* Products */ = {
			isa = PBXGroup;
			children = (
				302C278E142B0F6A0048A778 /* libluabind.a */,
				302C279C142B0F8F0048A778 /* liblua.a */,
			);
			name = Products;
			sourceTree = "<group>";
		};
/* End PBXGroup section */

/* Begin PBXHeadersBuildPhase section */
		302C278C142B0F6A0048A778 /* Headers */ = {
			isa = PBXHeadersBuildPhase;
			buildActionMask = 2147483647;
			files = (
				20DC46D4172EE047003B109E /* adopt_policy.hpp in Headers */,
				20DC46D5172EE047003B109E /* back_reference.hpp in Headers */,
				20DC46D6172EE047003B109E /* back_reference_fwd.hpp in Headers */,
				20DC46D7172EE047003B109E /* class.hpp in Headers */,
				20DC46D8172EE047003B109E /* class_info.hpp in Headers */,
				20DC46D9172EE047003B109E /* config.hpp in Headers */,
				20DC46DA172EE047003B109E /* container_policy.hpp in Headers */,
				20DC46DB172EE047003B109E /* copy_policy.hpp in Headers */,
				20DC46DC172EE047003B109E /* dependency_policy.hpp in Headers */,
				20DC46DD172EE047003B109E /* calc_arity.hpp in Headers */,
				20DC46DE172EE047003B109E /* call.hpp in Headers */,
				20DC46DF172EE047003B109E /* call_function.hpp in Headers */,
				20DC46E0172EE047003B109E /* call_member.hpp in Headers */,
				20DC46E1172EE047003B109E /* call_operator_iterate.hpp in Headers */,
				20DC46E2172EE047003B109E /* class_cache.hpp in Headers */,
				20DC46E3172EE047003B109E /* class_registry.hpp in Headers */,
				20DC46E4172EE047003B109E /* class_rep.hpp in Headers */,
				20DC46E5172EE047003B109E /* compute_score.hpp in Headers */,
				20DC46E6172EE047003B109E /* constructor.hpp in Headers */,
				20DC46E7172EE047003B109E /* conversion_storage.hpp in Headers */,
				20DC46E8172EE047003B109E /* convert_to_lua.hpp in Headers */,
				20DC46E9172EE047003B109E /* debug.hpp in Headers */,
				20DC46EA172EE047003B109E /* decorate_type.hpp in Headers */,
				20DC46EB172EE047003B109E /* deduce_signature.hpp in Headers */,
				20DC46EC172EE047003B109E /* enum_maker.hpp in Headers */,
				20DC46ED172EE047003B109E /* format_signature.hpp in Headers */,
				20DC46EE172EE047003B109E /* garbage_collector.hpp in Headers */,
				20DC46EF172EE047003B109E /* has_get_pointer.hpp in Headers */,
				20DC46F0172EE047003B109E /* inheritance.hpp in Headers */,
				20DC46F1172EE047003B109E /* instance_holder.hpp in Headers */,
				20DC46F2172EE047003B109E /* is_indirect_const.hpp in Headers */,
				20DC46F3172EE047003B109E /* link_compatibility.hpp in Headers */,
				20DC46F4172EE047003B109E /* make_instance.hpp in Headers */,
				20DC46F5172EE047003B109E /* most_derived.hpp in Headers */,
				20DC46F6172EE047003B109E /* object_call.hpp in Headers */,
				20DC46F7172EE047003B109E /* object_funs.hpp in Headers */,
				20DC46F8172EE047003B109E /* object_rep.hpp in Headers */,
				20DC46F9172EE047003B109E /* open.hpp in Headers */,
				20DC46FA172EE047003B109E /* operator_id.hpp in Headers */,
				20DC46FB172EE047003B109E /* other.hpp in Headers */,
				20DC46FC172EE047003B109E /* pcall.hpp in Headers */,
				20DC46FD172EE047003B109E /* pointee_sizeof.hpp in Headers */,
				20DC46FE172EE047003B109E /* pointee_typeid.hpp in Headers */,
				20DC46FF172EE047003B109E /* policy.hpp in Headers */,
				20DC4700172EE047003B109E /* primitives.hpp in Headers */,
				20DC4701172EE047003B109E /* property.hpp in Headers */,
				20DC4702172EE047003B109E /* ref.hpp in Headers */,
				20DC4703172EE047003B109E /* signature_match.hpp in Headers */,
				20DC4704172EE047003B109E /* stack_utils.hpp in Headers */,
				20DC4705172EE047003B109E /* typetraits.hpp in Headers */,
				20DC4706172EE047003B109E /* yes_no.hpp in Headers */,
				20DC4707172EE047003B109E /* discard_result_policy.hpp in Headers */,
				20DC4708172EE047003B109E /* error.hpp in Headers */,
				20DC4709172EE047003B109E /* exception_handler.hpp in Headers */,
				20DC470A172EE047003B109E /* from_stack.hpp in Headers */,
				20DC470B172EE047003B109E /* function.hpp in Headers */,
				20DC470C172EE047003B109E /* get_main_thread.hpp in Headers */,
				20DC470D172EE047003B109E /* get_pointer.hpp in Headers */,
				20DC470E172EE047003B109E /* handle.hpp in Headers */,
				20DC470F172EE047003B109E /* iterator_policy.hpp in Headers */,
				20DC4710172EE047003B109E /* lua_include.hpp in Headers */,
				20DC4711172EE047003B109E /* luabind.hpp in Headers */,
				20DC4712172EE047003B109E /* make_function.hpp in Headers */,
				20DC4713172EE047003B109E /* nil.hpp in Headers */,
				20DC4714172EE047003B109E /* object.hpp in Headers */,
				20DC4715172EE047003B109E /* open.hpp in Headers */,
				20DC4716172EE047003B109E /* operator.hpp in Headers */,
				20DC4717172EE047003B109E /* out_value_policy.hpp in Headers */,
				20DC4718172EE047003B109E /* prefix.hpp in Headers */,
				20DC4719172EE047003B109E /* raw_policy.hpp in Headers */,
				20DC471A172EE047003B109E /* return_reference_to_policy.hpp in Headers */,
				20DC471B172EE047003B109E /* scope.hpp in Headers */,
				20DC471C172EE047003B109E /* shared_ptr_converter.hpp in Headers */,
				20DC471D172EE047003B109E /* tag_function.hpp in Headers */,
				20DC471E172EE047003B109E /* typeid.hpp in Headers */,
				20DC471F172EE047003B109E /* value_wrapper.hpp in Headers */,
				20DC4720172EE047003B109E /* version.hpp in Headers */,
				20DC4721172EE047003B109E /* weak_ref.hpp in Headers */,
				20DC4722172EE047003B109E /* wrapper_base.hpp in Headers */,
				20DC4723172EE047003B109E /* yield_policy.hpp in Headers */,
			);
			runOnlyForDeploymentPostprocessing = 0;
		};
		302C279A142B0F8F0048A778 /* Headers */ = {
			isa = PBXHeadersBuildPhase;
			buildActionMask = 2147483647;
			files = (
				20DC456D172EDFEE003B109E /* lapi.h in Headers */,
				20DC456F172EDFEE003B109E /* lauxlib.h in Headers */,
				20DC4572172EDFEE003B109E /* lcode.h in Headers */,
				20DC4575172EDFEE003B109E /* ldebug.h in Headers */,
				20DC4577172EDFEE003B109E /* ldo.h in Headers */,
				20DC457A172EDFEE003B109E /* lfunc.h in Headers */,
				20DC457C172EDFEE003B109E /* lgc.h in Headers */,
				20DC4580172EDFEE003B109E /* llex.h in Headers */,
				20DC4581172EDFEE003B109E /* llimits.h in Headers */,
				20DC4584172EDFEE003B109E /* lmem.h in Headers */,
				20DC4587172EDFEE003B109E /* lobject.h in Headers */,
				20DC4589172EDFEE003B109E /* lopcodes.h in Headers */,
				20DC458C172EDFEE003B109E /* lparser.h in Headers */,
				20DC458E172EDFEE003B109E /* lstate.h in Headers */,
				20DC4590172EDFEE003B109E /* lstring.h in Headers */,
				20DC4593172EDFEE003B109E /* ltable.h in Headers */,
				20DC4596172EDFEE003B109E /* ltm.h in Headers */,
				20DC4597172EDFEE003B109E /* lua.h in Headers */,
				20DC4598172EDFEE003B109E /* lua.hpp in Headers */,
				20DC4599172EDFEE003B109E /* luaconf.h in Headers */,
				20DC459C172EDFEE003B109E /* lualib.h in Headers */,
				20DC459E172EDFEE003B109E /* lundump.h in Headers */,
				20DC45A0172EDFEE003B109E /* lvm.h in Headers */,
				20DC45A2172EDFEE003B109E /* lzio.h in Headers */,
				20DC45A3172EDFEE003B109E /* macros.h in Headers */,
				20DC45A5172EDFEE003B109E /* menus.h in Headers */,
			);
			runOnlyForDeploymentPostprocessing = 0;
		};
/* End PBXHeadersBuildPhase section */

/* Begin PBXNativeTarget section */
		302C278D142B0F6A0048A778 /* luabind */ = {
			isa = PBXNativeTarget;
			buildConfigurationList = 302C2792142B0F6A0048A778 /* Build configuration list for PBXNativeTarget "luabind" */;
			buildPhases = (
				302C278A142B0F6A0048A778 /* Sources */,
				302C278B142B0F6A0048A778 /* Frameworks */,
				302C278C142B0F6A0048A778 /* Headers */,
			);
			buildRules = (
			);
			dependencies = (
				302C27A2142B0F9A0048A778 /* PBXTargetDependency */,
			);
			name = luabind;
			productName = luabind;
			productReference = 302C278E142B0F6A0048A778 /* libluabind.a */;
			productType = "com.apple.product-type.library.static";
		};
		302C279B142B0F8F0048A778 /* lua */ = {
			isa = PBXNativeTarget;
			buildConfigurationList = 302C279F142B0F8F0048A778 /* Build configuration list for PBXNativeTarget "lua" */;
			buildPhases = (
				302C2798142B0F8F0048A778 /* Sources */,
				302C2799142B0F8F0048A778 /* Frameworks */,
				302C279A142B0F8F0048A778 /* Headers */,
			);
			buildRules = (
			);
			dependencies = (
			);
			name = lua;
			productName = lua;
			productReference = 302C279C142B0F8F0048A778 /* liblua.a */;
			productType = "com.apple.product-type.library.static";
		};
/* End PBXNativeTarget section */

/* Begin PBXProject section */
		302C2785142B0F6A0048A778 /* Project object */ = {
			isa = PBXProject;
			attributes = {
				LastUpgradeCheck = 0420;
			};
			buildConfigurationList = 302C2788142B0F6A0048A778 /* Build configuration list for PBXProject "luabind" */;
			compatibilityVersion = "Xcode 3.2";
			developmentRegion = English;
			hasScannedForEncodings = 0;
			knownRegions = (
				en,
			);
			mainGroup = 302C2783142B0F6A0048A778;
			productRefGroup = 302C278F142B0F6A0048A778 /* Products */;
			projectDirPath = "";
			projectRoot = "";
			targets = (
				302C279B142B0F8F0048A778 /* lua */,
				302C278D142B0F6A0048A778 /* luabind */,
			);
		};
/* End PBXProject section */

/* Begin PBXSourcesBuildPhase section */
		302C278A142B0F6A0048A778 /* Sources */ = {
			isa = PBXSourcesBuildPhase;
			buildActionMask = 2147483647;
			files = (
				20DC4724172EE047003B109E /* class.cpp in Sources */,
				20DC4725172EE047003B109E /* class_info.cpp in Sources */,
				20DC4726172EE047003B109E /* class_registry.cpp in Sources */,
				20DC4727172EE047003B109E /* class_rep.cpp in Sources */,
				20DC4728172EE047003B109E /* create_class.cpp in Sources */,
				20DC4729172EE047003B109E /* error.cpp in Sources */,
				20DC472A172EE047003B109E /* exception_handler.cpp in Sources */,
				20DC472B172EE047003B109E /* function.cpp in Sources */,
				20DC472C172EE047003B109E /* inheritance.cpp in Sources */,
				20DC472D172EE047003B109E /* link_compatibility.cpp in Sources */,
				20DC472E172EE047003B109E /* object_rep.cpp in Sources */,
				20DC472F172EE047003B109E /* open.cpp in Sources */,
				20DC4730172EE047003B109E /* pcall.cpp in Sources */,
				20DC4731172EE047003B109E /* scope.cpp in Sources */,
				20DC4732172EE047003B109E /* stack_content_by_name.cpp in Sources */,
				20DC4733172EE047003B109E /* weak_ref.cpp in Sources */,
				20DC4734172EE047003B109E /* wrapper_base.cpp in Sources */,
			);
			runOnlyForDeploymentPostprocessing = 0;
		};
		302C2798142B0F8F0048A778 /* Sources */ = {
			isa = PBXSourcesBuildPhase;
			buildActionMask = 2147483647;
			files = (
				20DC456B172EDFEE003B109E /* bit.c in Sources */,
				20DC456C172EDFEE003B109E /* lapi.c in Sources */,
				20DC456E172EDFEE003B109E /* lauxlib.c in Sources */,
				20DC4570172EDFEE003B109E /* lbaselib.c in Sources */,
				20DC4571172EDFEE003B109E /* lcode.c in Sources */,
				20DC4573172EDFEE003B109E /* ldblib.c in Sources */,
				20DC4574172EDFEE003B109E /* ldebug.c in Sources */,
				20DC4576172EDFEE003B109E /* ldo.c in Sources */,
				20DC4578172EDFEE003B109E /* ldump.c in Sources */,
				20DC4579172EDFEE003B109E /* lfunc.c in Sources */,
				20DC457B172EDFEE003B109E /* lgc.c in Sources */,
				20DC457D172EDFEE003B109E /* linit.c in Sources */,
				20DC457E172EDFEE003B109E /* liolib.c in Sources */,
				20DC457F172EDFEE003B109E /* llex.c in Sources */,
				20DC4582172EDFEE003B109E /* lmathlib.c in Sources */,
				20DC4583172EDFEE003B109E /* lmem.c in Sources */,
				20DC4585172EDFEE003B109E /* loadlib.c in Sources */,
				20DC4586172EDFEE003B109E /* lobject.c in Sources */,
				20DC4588172EDFEE003B109E /* lopcodes.c in Sources */,
				20DC458A172EDFEE003B109E /* loslib.c in Sources */,
				20DC458B172EDFEE003B109E /* lparser.c in Sources */,
				20DC458D172EDFEE003B109E /* lstate.c in Sources */,
				20DC458F172EDFEE003B109E /* lstring.c in Sources */,
				20DC4591172EDFEE003B109E /* lstrlib.c in Sources */,
				20DC4592172EDFEE003B109E /* ltable.c in Sources */,
				20DC4594172EDFEE003B109E /* ltablib.c in Sources */,
				20DC4595172EDFEE003B109E /* ltm.c in Sources */,
				20DC459D172EDFEE003B109E /* lundump.c in Sources */,
				20DC459F172EDFEE003B109E /* lvm.c in Sources */,
				20DC45A1172EDFEE003B109E /* lzio.c in Sources */,
				20DC45A4172EDFEE003B109E /* memarray.c in Sources */,
				20DC45A6172EDFEE003B109E /* print.c in Sources */,
				203F267D1751955A0030E654 /* luagl.c in Sources */,
			);
			runOnlyForDeploymentPostprocessing = 0;
		};
/* End PBXSourcesBuildPhase section */

/* Begin PBXTargetDependency section */
		302C27A2142B0F9A0048A778 /* PBXTargetDependency */ = {
			isa = PBXTargetDependency;
			target = 302C279B142B0F8F0048A778 /* lua */;
			targetProxy = 302C27A1142B0F9A0048A778 /* PBXContainerItemProxy */;
		};
/* End PBXTargetDependency section */

/* Begin XCBuildConfiguration section */
		302C2790142B0F6A0048A778 /* Debug */ = {
			isa = XCBuildConfiguration;
			buildSettings = {
				ALWAYS_SEARCH_USER_PATHS = NO;
				ARCHS = "$(ARCHS_STANDARD_32_BIT)";
				CONFIGURATION_BUILD_DIR = "$(SRCROOT)";
				COPY_PHASE_STRIP = NO;
				GCC_C_LANGUAGE_STANDARD = "compiler-default";
				GCC_DYNAMIC_NO_PIC = NO;
				GCC_ENABLE_OBJC_EXCEPTIONS = YES;
				GCC_OPTIMIZATION_LEVEL = 0;
				GCC_PREPROCESSOR_DEFINITIONS = (
					"DEBUG=1",
					"$(inherited)",
				);
				GCC_SYMBOLS_PRIVATE_EXTERN = NO;
				GCC_VERSION = com.apple.compilers.llvmgcc42;
				GCC_WARN_64_TO_32_BIT_CONVERSION = YES;
				GCC_WARN_ABOUT_MISSING_PROTOTYPES = YES;
				GCC_WARN_ABOUT_RETURN_TYPE = YES;
				GCC_WARN_UNUSED_VARIABLE = YES;
				MACOSX_DEPLOYMENT_TARGET = 10.7;
				ONLY_ACTIVE_ARCH = YES;
				OTHER_CPLUSPLUSFLAGS = (
					"-D__MACOSX_CORE__",
					"-lpthread",
				);
				SDKROOT = macosx10.7;
			};
			name = Debug;
		};
		302C2791142B0F6A0048A778 /* Release */ = {
			isa = XCBuildConfiguration;
			buildSettings = {
				ALWAYS_SEARCH_USER_PATHS = NO;
				ARCHS = "$(ARCHS_STANDARD_32_BIT)";
				CONFIGURATION_BUILD_DIR = "$(SRCROOT)";
				COPY_PHASE_STRIP = YES;
				DEBUG_INFORMATION_FORMAT = "dwarf-with-dsym";
				GCC_C_LANGUAGE_STANDARD = "compiler-default";
				GCC_ENABLE_OBJC_EXCEPTIONS = YES;
				GCC_VERSION = com.apple.compilers.llvmgcc42;
				GCC_WARN_64_TO_32_BIT_CONVERSION = YES;
				GCC_WARN_ABOUT_MISSING_PROTOTYPES = YES;
				GCC_WARN_ABOUT_RETURN_TYPE = YES;
				GCC_WARN_UNUSED_VARIABLE = YES;
				MACOSX_DEPLOYMENT_TARGET = 10.7;
				OTHER_CPLUSPLUSFLAGS = (
					"-D__MACOSX_CORE__",
					"-lpthread",
				);
				SDKROOT = macosx10.7;
			};
			name = Release;
		};
		302C2793142B0F6A0048A778 /* Debug */ = {
			isa = XCBuildConfiguration;
			buildSettings = {
				ARCHS = "$(ARCHS_STANDARD_32_BIT)";
				EXECUTABLE_PREFIX = lib;
				FRAMEWORK_SEARCH_PATHS = "";
				GCC_C_LANGUAGE_STANDARD = "compiler-default";
				GCC_INPUT_FILETYPE = automatic;
				GCC_VERSION = com.apple.compilers.llvmgcc42;
				GCC_WARN_64_TO_32_BIT_CONVERSION = NO;
				GCC_WARN_ABOUT_DEPRECATED_FUNCTIONS = NO;
				GCC_WARN_ABOUT_INVALID_OFFSETOF_MACRO = NO;
				GCC_WARN_ABOUT_MISSING_PROTOTYPES = NO;
				GCC_WARN_ABOUT_RETURN_TYPE = NO;
				GCC_WARN_ALLOW_INCOMPLETE_PROTOCOL = NO;
				GCC_WARN_UNUSED_VALUE = NO;
				GCC_WARN_UNUSED_VARIABLE = NO;
				HEADER_SEARCH_PATHS = (
					../src/luabind,
					../../../../../../../libs/boost/include,
				);
				LIBRARY_SEARCH_PATHS = ../../../../../../../libs/boost/lib;
				MACOSX_DEPLOYMENT_TARGET = 10.6;
				PRODUCT_NAME = "$(TARGET_NAME)";
				SDKROOT = macosx10.7;
			};
			name = Debug;
		};
		302C2794142B0F6A0048A778 /* Release */ = {
			isa = XCBuildConfiguration;
			buildSettings = {
				ARCHS = "$(ARCHS_STANDARD_32_BIT)";
				EXECUTABLE_PREFIX = lib;
				FRAMEWORK_SEARCH_PATHS = "";
				GCC_C_LANGUAGE_STANDARD = "compiler-default";
				GCC_INPUT_FILETYPE = automatic;
				GCC_VERSION = com.apple.compilers.llvmgcc42;
				GCC_WARN_64_TO_32_BIT_CONVERSION = NO;
				GCC_WARN_ABOUT_DEPRECATED_FUNCTIONS = NO;
				GCC_WARN_ABOUT_INVALID_OFFSETOF_MACRO = NO;
				GCC_WARN_ABOUT_MISSING_PROTOTYPES = NO;
				GCC_WARN_ABOUT_RETURN_TYPE = NO;
				GCC_WARN_ALLOW_INCOMPLETE_PROTOCOL = NO;
				GCC_WARN_UNUSED_VALUE = NO;
				GCC_WARN_UNUSED_VARIABLE = NO;
				HEADER_SEARCH_PATHS = (
					../src/luabind,
					../../../../../../../libs/boost/include,
				);
				LIBRARY_SEARCH_PATHS = ../../../../../../../libs/boost/lib;
				MACOSX_DEPLOYMENT_TARGET = 10.6;
				PRODUCT_NAME = "$(TARGET_NAME)";
				SDKROOT = macosx10.7;
			};
			name = Release;
		};
		302C279D142B0F8F0048A778 /* Debug */ = {
			isa = XCBuildConfiguration;
			buildSettings = {
				ARCHS = "$(ARCHS_STANDARD_32_BIT)";
				EXECUTABLE_PREFIX = lib;
				GCC_C_LANGUAGE_STANDARD = "compiler-default";
				GCC_PREPROCESSOR_DEFINITIONS_NOT_USED_IN_PRECOMPS = (
					LUA_USE_LINUX,
					"__ASSERT_MACROS_DEFINE_VERSIONS_WITHOUT_UNDERSCORES=0",
				);
				GCC_VERSION = com.apple.compilers.llvmgcc42;
				MACOSX_DEPLOYMENT_TARGET = 10.6;
				OTHER_CPLUSPLUSFLAGS = (
					"-D__MACOSX_CORE__",
					"-lpthread",
				);
				PRODUCT_NAME = "$(TARGET_NAME)";
				SDKROOT = macosx10.7;
			};
			name = Debug;
		};
		302C279E142B0F8F0048A778 /* Release */ = {
			isa = XCBuildConfiguration;
			buildSettings = {
				ARCHS = "$(ARCHS_STANDARD_32_BIT)";
				EXECUTABLE_PREFIX = lib;
				GCC_C_LANGUAGE_STANDARD = "compiler-default";
				GCC_PREPROCESSOR_DEFINITIONS_NOT_USED_IN_PRECOMPS = (
					LUA_USE_LINUX,
					"__ASSERT_MACROS_DEFINE_VERSIONS_WITHOUT_UNDERSCORES=0",
				);
				GCC_VERSION = com.apple.compilers.llvmgcc42;
				MACOSX_DEPLOYMENT_TARGET = 10.6;
				OTHER_CPLUSPLUSFLAGS = (
					"-D__MACOSX_CORE__",
					"-lpthread",
				);
				PRODUCT_NAME = "$(TARGET_NAME)";
				SDKROOT = macosx10.7;
			};
			name = Release;
		};
/* End XCBuildConfiguration section */

/* Begin XCConfigurationList section */
		302C2788142B0F6A0048A778 /* Build configuration list for PBXProject "luabind" */ = {
			isa = XCConfigurationList;
			buildConfigurations = (
				302C2790142B0F6A0048A778 /* Debug */,
				302C2791142B0F6A0048A778 /* Release */,
			);
			defaultConfigurationIsVisible = 0;
			defaultConfigurationName = Release;
		};
		302C2792142B0F6A0048A778 /* Build configuration list for PBXNativeTarget "luabind" */ = {
			isa = XCConfigurationList;
			buildConfigurations = (
				302C2793142B0F6A0048A778 /* Debug */,
				302C2794142B0F6A0048A778 /* Release */,
			);
			defaultConfigurationIsVisible = 0;
			defaultConfigurationName = Release;
		};
		302C279F142B0F8F0048A778 /* Build configuration list for PBXNativeTarget "lua" */ = {
			isa = XCConfigurationList;
			buildConfigurations = (
				302C279D142B0F8F0048A778 /* Debug */,
				302C279E142B0F8F0048A778 /* Release */,
			);
			defaultConfigurationIsVisible = 0;
			defaultConfigurationName = Release;
		};
/* End XCConfigurationList section */
	};
	rootObject = 302C2785142B0F6A0048A778 /* Project object */;
}
